// !$*UTF8*$!
{
	archiveVersion = 1;
	classes = {
	};
	objectVersion = 77;
	objects = {

/* Begin PBXBuildFile section */
		8C2136062F920062001C769A /* ArgumentParser in Frameworks */ = {isa = PBXBuildFile; productRef = 8C2136052F920062001C769A /* ArgumentParser */; };
		8C2137A12F921790001C769A /* sfIconGen-CLI in Embed sfIconGen-CLI */ = {isa = PBXBuildFile; fileRef = 8C3148C92E61E39F00C7A0A9 /* sfIconGen-CLI */; };
		8C27BE2C2F95085F00C00DCA /* SnapshotTesting in Frameworks */ = {isa = PBXBuildFile; productRef = 8C27BE2B2F95085F00C00DCA /* SnapshotTesting */; };
		8C3148D02E61E3B900C7A0A9 /* SwiftUI.framework in Frameworks */ = {isa = PBXBuildFile; fileRef = 8C3148B42E61E06C00C7A0A9 /* SwiftUI.framework */; };
		8C3148D12E61E3BF00C7A0A9 /* AppKit.framework in Frameworks */ = {isa = PBXBuildFile; fileRef = 8C3148B62E61E07300C7A0A9 /* AppKit.framework */; };
		8C3148D32E61E3F400C7A0A9 /* ArgumentParser in Frameworks */ = {isa = PBXBuildFile; productRef = 8C3148D22E61E3F400C7A0A9 /* ArgumentParser */; };
/* End PBXBuildFile section */

/* Begin PBXContainerItemProxy section */
		8C2136092F920188001C769A /* PBXContainerItemProxy */ = {
			isa = PBXContainerItemProxy;
			containerPortal = 8C71CC912DBDDDD2006FB320 /* Project object */;
			proxyType = 1;
			remoteGlobalIDString = 8C3148C82E61E39F00C7A0A9;
			remoteInfo = "sfIconGen-CLI";
		};
		8C21379E2F9216F6001C769A /* PBXContainerItemProxy */ = {
			isa = PBXContainerItemProxy;
			containerPortal = 8C71CC912DBDDDD2006FB320 /* Project object */;
			proxyType = 1;
			remoteGlobalIDString = 8C3148C82E61E39F00C7A0A9;
			remoteInfo = "sfIconGen-CLI";
		};
		8C50A4C92E75A893000ED391 /* PBXContainerItemProxy */ = {
			isa = PBXContainerItemProxy;
			containerPortal = 8C71CC912DBDDDD2006FB320 /* Project object */;
			proxyType = 1;
			remoteGlobalIDString = 8C50A4BB2E75A891000ED391;
			remoteInfo = IconMakerApp;
		};
		8C50A4D32E75A893000ED391 /* PBXContainerItemProxy */ = {
			isa = PBXContainerItemProxy;
			containerPortal = 8C71CC912DBDDDD2006FB320 /* Project object */;
			proxyType = 1;
			remoteGlobalIDString = 8C50A4BB2E75A891000ED391;
			remoteInfo = IconMakerApp;
		};
		8C71CCAB2DBDDDD3006FB320 /* PBXContainerItemProxy */ = {
			isa = PBXContainerItemProxy;
			containerPortal = 8C71CC912DBDDDD2006FB320 /* Project object */;
			proxyType = 1;
			remoteGlobalIDString = 8C71CC982DBDDDD2006FB320;
			remoteInfo = "macOS Icon Generator App";
		};
		8C71CCB52DBDDDD3006FB320 /* PBXContainerItemProxy */ = {
			isa = PBXContainerItemProxy;
			containerPortal = 8C71CC912DBDDDD2006FB320 /* Project object */;
			proxyType = 1;
			remoteGlobalIDString = 8C71CC982DBDDDD2006FB320;
			remoteInfo = "macOS Icon Generator App";
		};
		8C75F5852E8D5AC4008FB893 /* PBXContainerItemProxy */ = {
			isa = PBXContainerItemProxy;
			containerPortal = 8C71CC912DBDDDD2006FB320 /* Project object */;
			proxyType = 1;
			remoteGlobalIDString = 8C71CC982DBDDDD2006FB320;
			remoteInfo = "macOS Icon Generator App";
		};
/* End PBXContainerItemProxy section */

/* Begin PBXCopyFilesBuildPhase section */
		8C2137A02F92173C001C769A /* Embed sfIconGen-CLI */ = {
			isa = PBXCopyFilesBuildPhase;
			buildActionMask = 2147483647;
			dstPath = "";
			dstSubfolderSpec = 6;
			files = (
				8C2137A12F921790001C769A /* sfIconGen-CLI in Embed sfIconGen-CLI */,
			);
			name = "Embed sfIconGen-CLI";
			runOnlyForDeploymentPostprocessing = 0;
		};
		8C3148C72E61E39F00C7A0A9 /* CopyFiles */ = {
			isa = PBXCopyFilesBuildPhase;
			buildActionMask = 2147483647;
			dstPath = /usr/share/man/man1/;
			dstSubfolderSpec = 0;
			files = (
			);
			runOnlyForDeploymentPostprocessing = 1;
		};
/* End PBXCopyFilesBuildPhase section */

/* Begin PBXFileReference section */
		8C2136D42F920372001C769A /* sfIconGen-CLI Tests */ = {isa = PBXFileReference; lastKnownFileType = folder; path = "sfIconGen-CLI Tests"; sourceTree = "<group>"; };
		8C27BE312F95153C00C00DCA /* Default.xctestplan */ = {isa = PBXFileReference; lastKnownFileType = file; path = Default.xctestplan; sourceTree = "<group>"; };
		8C27BE322F95155700C00DCA /* Full.xctestplan */ = {isa = PBXFileReference; lastKnownFileType = file; path = Full.xctestplan; sourceTree = "<group>"; };
		8C3148B42E61E06C00C7A0A9 /* SwiftUI.framework */ = {isa = PBXFileReference; lastKnownFileType = wrapper.framework; name = SwiftUI.framework; path = System/Library/Frameworks/SwiftUI.framework; sourceTree = SDKROOT; };
		8C3148B62E61E07300C7A0A9 /* AppKit.framework */ = {isa = PBXFileReference; lastKnownFileType = wrapper.framework; name = AppKit.framework; path = System/Library/Frameworks/AppKit.framework; sourceTree = SDKROOT; };
		8C3148C92E61E39F00C7A0A9 /* sfIconGen-CLI */ = {isa = PBXFileReference; explicitFileType = "compiled.mach-o.executable"; includeInIndex = 0; path = "sfIconGen-CLI"; sourceTree = BUILT_PRODUCTS_DIR; };
		8C50A4BC2E75A891000ED391 /* IconMakerApp.app */ = {isa = PBXFileReference; explicitFileType = wrapper.application; includeInIndex = 0; path = IconMakerApp.app; sourceTree = BUILT_PRODUCTS_DIR; };
		8C50A4C82E75A893000ED391 /* IconMakerAppTests.xctest */ = {isa = PBXFileReference; explicitFileType = wrapper.cfbundle; includeInIndex = 0; path = IconMakerAppTests.xctest; sourceTree = BUILT_PRODUCTS_DIR; };
		8C50A4D22E75A893000ED391 /* IconMakerAppUITests.xctest */ = {isa = PBXFileReference; explicitFileType = wrapper.cfbundle; includeInIndex = 0; path = IconMakerAppUITests.xctest; sourceTree = BUILT_PRODUCTS_DIR; };
		8C71CC992DBDDDD2006FB320 /* macOS Icon Generator App.app */ = {isa = PBXFileReference; explicitFileType = wrapper.application; includeInIndex = 0; path = "macOS Icon Generator App.app"; sourceTree = BUILT_PRODUCTS_DIR; };
		8C71CCAA2DBDDDD3006FB320 /* macOS Icon Generator AppTests.xctest */ = {isa = PBXFileReference; explicitFileType = wrapper.cfbundle; includeInIndex = 0; path = "macOS Icon Generator AppTests.xctest"; sourceTree = BUILT_PRODUCTS_DIR; };
		8C71CCB42DBDDDD3006FB320 /* macOS Icon Generator AppUITests.xctest */ = {isa = PBXFileReference; explicitFileType = wrapper.cfbundle; includeInIndex = 0; path = "macOS Icon Generator AppUITests.xctest"; sourceTree = BUILT_PRODUCTS_DIR; };
		8C75F5812E8D5AC4008FB893 /* sfIconGen-CLI Tests.xctest */ = {isa = PBXFileReference; explicitFileType = wrapper.cfbundle; includeInIndex = 0; path = "sfIconGen-CLI Tests.xctest"; sourceTree = BUILT_PRODUCTS_DIR; };
/* End PBXFileReference section */

/* Begin PBXFileSystemSynchronizedBuildFileExceptionSet section */
		8C886B362EBDFFFD00753351 /* Exceptions for "macOS Icon Generator App" folder in "macOS Icon Generator App" target */ = {
			isa = PBXFileSystemSynchronizedBuildFileExceptionSet;
			membershipExceptions = (
				"Playgrounds/liquid-glass.swift",
				Playgrounds/LiquidGlassTestGrid.swift,
			);
			target = 8C71CC982DBDDDD2006FB320 /* macOS Icon Generator App */;
		};
		8C886B372EBDFFFD00753351 /* Exceptions for "macOS Icon Generator App" folder in "sfIconGen-CLI" target */ = {
			isa = PBXFileSystemSynchronizedBuildFileExceptionSet;
			membershipExceptions = (
				Models/AppexEnclosureColor.swift,
				Models/FamilyCalibration.swift,
				Models/GenerationMode.swift,
				Models/IconSettings.swift,
				Models/ImportedImage.swift,
				Services/AppexReferenceService.swift,
				Services/IconRenderer.swift,
				Services/ImageImportService.swift,
				Services/SymbolSizingService.swift,
			);
			target = 8C3148C82E61E39F00C7A0A9 /* sfIconGen-CLI */;
		};
/* End PBXFileSystemSynchronizedBuildFileExceptionSet section */

/* Begin PBXFileSystemSynchronizedRootGroup section */
		8C3148CA2E61E39F00C7A0A9 /* sfIconGen-CLI */ = {
			isa = PBXFileSystemSynchronizedRootGroup;
			path = "sfIconGen-CLI";
			sourceTree = "<group>";
		};
		8C50A4BD2E75A891000ED391 /* IconMakerApp */ = {
			isa = PBXFileSystemSynchronizedRootGroup;
			path = IconMakerApp;
			sourceTree = "<group>";
		};
		8C50A4CB2E75A893000ED391 /* IconMakerAppTests */ = {
			isa = PBXFileSystemSynchronizedRootGroup;
			path = IconMakerAppTests;
			sourceTree = "<group>";
		};
		8C50A4D52E75A893000ED391 /* IconMakerAppUITests */ = {
			isa = PBXFileSystemSynchronizedRootGroup;
			path = IconMakerAppUITests;
			sourceTree = "<group>";
		};
		8C71CC9B2DBDDDD2006FB320 /* macOS Icon Generator App */ = {
			isa = PBXFileSystemSynchronizedRootGroup;
			exceptions = (
				8C886B362EBDFFFD00753351 /* Exceptions for "macOS Icon Generator App" folder in "macOS Icon Generator App" target */,
				8C886B372EBDFFFD00753351 /* Exceptions for "macOS Icon Generator App" folder in "sfIconGen-CLI" target */,
			);
			path = "macOS Icon Generator App";
			sourceTree = "<group>";
		};
		8C71CCAD2DBDDDD3006FB320 /* macOS Icon Generator AppTests */ = {
			isa = PBXFileSystemSynchronizedRootGroup;
			path = "macOS Icon Generator AppTests";
			sourceTree = "<group>";
		};
		8C71CCB72DBDDDD3006FB320 /* macOS Icon Generator AppUITests */ = {
			isa = PBXFileSystemSynchronizedRootGroup;
			path = "macOS Icon Generator AppUITests";
			sourceTree = "<group>";
		};
		8C75F5822E8D5AC4008FB893 /* sfIconGen-CLI Tests */ = {
			isa = PBXFileSystemSynchronizedRootGroup;
			path = "sfIconGen-CLI Tests";
			sourceTree = "<group>";
		};
/* End PBXFileSystemSynchronizedRootGroup section */

/* Begin PBXFrameworksBuildPhase section */
		8C3148C62E61E39F00C7A0A9 /* Frameworks */ = {
			isa = PBXFrameworksBuildPhase;
			buildActionMask = 2147483647;
			files = (
				8C3148D32E61E3F400C7A0A9 /* ArgumentParser in Frameworks */,
				8C3148D12E61E3BF00C7A0A9 /* AppKit.framework in Frameworks */,
				8C3148D02E61E3B900C7A0A9 /* SwiftUI.framework in Frameworks */,
			);
			runOnlyForDeploymentPostprocessing = 0;
		};
		8C50A4B92E75A891000ED391 /* Frameworks */ = {
			isa = PBXFrameworksBuildPhase;
			buildActionMask = 2147483647;
			files = (
			);
			runOnlyForDeploymentPostprocessing = 0;
		};
		8C50A4C52E75A893000ED391 /* Frameworks */ = {
			isa = PBXFrameworksBuildPhase;
			buildActionMask = 2147483647;
			files = (
			);
			runOnlyForDeploymentPostprocessing = 0;
		};
		8C50A4CF2E75A893000ED391 /* Frameworks */ = {
			isa = PBXFrameworksBuildPhase;
			buildActionMask = 2147483647;
			files = (
			);
			runOnlyForDeploymentPostprocessing = 0;
		};
		8C71CC962DBDDDD2006FB320 /* Frameworks */ = {
			isa = PBXFrameworksBuildPhase;
			buildActionMask = 2147483647;
			files = (
			);
			runOnlyForDeploymentPostprocessing = 0;
		};
		8C71CCA72DBDDDD3006FB320 /* Frameworks */ = {
			isa = PBXFrameworksBuildPhase;
			buildActionMask = 2147483647;
			files = (
				8C27BE2C2F95085F00C00DCA /* SnapshotTesting in Frameworks */,
			);
			runOnlyForDeploymentPostprocessing = 0;
		};
		8C71CCB12DBDDDD3006FB320 /* Frameworks */ = {
			isa = PBXFrameworksBuildPhase;
			buildActionMask = 2147483647;
			files = (
			);
			runOnlyForDeploymentPostprocessing = 0;
		};
		8C75F57E2E8D5AC4008FB893 /* Frameworks */ = {
			isa = PBXFrameworksBuildPhase;
			buildActionMask = 2147483647;
			files = (
				8C2136062F920062001C769A /* ArgumentParser in Frameworks */,
			);
			runOnlyForDeploymentPostprocessing = 0;
		};
/* End PBXFrameworksBuildPhase section */

/* Begin PBXGroup section */
		8C3148B32E61E06C00C7A0A9 /* Frameworks */ = {
			isa = PBXGroup;
			children = (
				8C3148B62E61E07300C7A0A9 /* AppKit.framework */,
				8C3148B42E61E06C00C7A0A9 /* SwiftUI.framework */,
			);
			name = Frameworks;
			sourceTree = "<group>";
		};
		8C71CC902DBDDDD2006FB320 = {
			isa = PBXGroup;
			children = (
				8C27BE312F95153C00C00DCA /* Default.xctestplan */,
				8C27BE322F95155700C00DCA /* Full.xctestplan */,
				8C2136D42F920372001C769A /* sfIconGen-CLI Tests */,
				8C75F6482E921B52008FB893 /* Products */,
				8C71CC9B2DBDDDD2006FB320 /* macOS Icon Generator App */,
				8C71CCAD2DBDDDD3006FB320 /* macOS Icon Generator AppTests */,
				8C71CCB72DBDDDD3006FB320 /* macOS Icon Generator AppUITests */,
				8C3148CA2E61E39F00C7A0A9 /* sfIconGen-CLI */,
				8C50A4BD2E75A891000ED391 /* IconMakerApp */,
				8C50A4CB2E75A893000ED391 /* IconMakerAppTests */,
				8C50A4D52E75A893000ED391 /* IconMakerAppUITests */,
				8C75F5822E8D5AC4008FB893 /* sfIconGen-CLI Tests */,
				8C3148B32E61E06C00C7A0A9 /* Frameworks */,
				8C71CC9A2DBDDDD2006FB320 /* Products */,
			);
			sourceTree = "<group>";
		};
		8C71CC9A2DBDDDD2006FB320 /* Products */ = {
			isa = PBXGroup;
			children = (
				8C71CC992DBDDDD2006FB320 /* macOS Icon Generator App.app */,
				8C71CCAA2DBDDDD3006FB320 /* macOS Icon Generator AppTests.xctest */,
				8C71CCB42DBDDDD3006FB320 /* macOS Icon Generator AppUITests.xctest */,
				8C3148C92E61E39F00C7A0A9 /* sfIconGen-CLI */,
				8C50A4BC2E75A891000ED391 /* IconMakerApp.app */,
				8C50A4C82E75A893000ED391 /* IconMakerAppTests.xctest */,
				8C50A4D22E75A893000ED391 /* IconMakerAppUITests.xctest */,
				8C75F5812E8D5AC4008FB893 /* sfIconGen-CLI Tests.xctest */,
			);
			name = Products;
			sourceTree = "<group>";
		};
		8C75F6482E921B52008FB893 /* Products */ = {
			isa = PBXGroup;
			children = (
			);
			name = Products;
			sourceTree = "<group>";
		};
/* End PBXGroup section */

/* Begin PBXNativeTarget section */
		8C3148C82E61E39F00C7A0A9 /* sfIconGen-CLI */ = {
			isa = PBXNativeTarget;
			buildConfigurationList = 8C3148CD2E61E39F00C7A0A9 /* Build configuration list for PBXNativeTarget "sfIconGen-CLI" */;
			buildPhases = (
				8C3148C52E61E39F00C7A0A9 /* Sources */,
				8C3148C62E61E39F00C7A0A9 /* Frameworks */,
				8C3148C72E61E39F00C7A0A9 /* CopyFiles */,
			);
			buildRules = (
			);
			dependencies = (
			);
			fileSystemSynchronizedGroups = (
				8C3148CA2E61E39F00C7A0A9 /* sfIconGen-CLI */,
			);
			name = "sfIconGen-CLI";
			packageProductDependencies = (
				8C3148D22E61E3F400C7A0A9 /* ArgumentParser */,
			);
			productName = "sfIconGen-CLI";
			productReference = 8C3148C92E61E39F00C7A0A9 /* sfIconGen-CLI */;
			productType = "com.apple.product-type.tool";
		};
		8C50A4BB2E75A891000ED391 /* IconMakerApp */ = {
			isa = PBXNativeTarget;
			buildConfigurationList = 8C50A4DA2E75A893000ED391 /* Build configuration list for PBXNativeTarget "IconMakerApp" */;
			buildPhases = (
				8C50A4B82E75A891000ED391 /* Sources */,
				8C50A4B92E75A891000ED391 /* Frameworks */,
				8C50A4BA2E75A891000ED391 /* Resources */,
			);
			buildRules = (
			);
			dependencies = (
			);
			fileSystemSynchronizedGroups = (
				8C50A4BD2E75A891000ED391 /* IconMakerApp */,
			);
			name = IconMakerApp;
			packageProductDependencies = (
			);
			productName = IconMakerApp;
			productReference = 8C50A4BC2E75A891000ED391 /* IconMakerApp.app */;
			productType = "com.apple.product-type.application";
		};
		8C50A4C72E75A893000ED391 /* IconMakerAppTests */ = {
			isa = PBXNativeTarget;
			buildConfigurationList = 8C50A4DD2E75A893000ED391 /* Build configuration list for PBXNativeTarget "IconMakerAppTests" */;
			buildPhases = (
				8C50A4C42E75A893000ED391 /* Sources */,
				8C50A4C52E75A893000ED391 /* Frameworks */,
				8C50A4C62E75A893000ED391 /* Resources */,
			);
			buildRules = (
			);
			dependencies = (
				8C50A4CA2E75A893000ED391 /* PBXTargetDependency */,
			);
			fileSystemSynchronizedGroups = (
				8C50A4CB2E75A893000ED391 /* IconMakerAppTests */,
			);
			name = IconMakerAppTests;
			packageProductDependencies = (
			);
			productName = IconMakerAppTests;
			productReference = 8C50A4C82E75A893000ED391 /* IconMakerAppTests.xctest */;
			productType = "com.apple.product-type.bundle.unit-test";
		};
		8C50A4D12E75A893000ED391 /* IconMakerAppUITests */ = {
			isa = PBXNativeTarget;
			buildConfigurationList = 8C50A4E02E75A893000ED391 /* Build configuration list for PBXNativeTarget "IconMakerAppUITests" */;
			buildPhases = (
				8C50A4CE2E75A893000ED391 /* Sources */,
				8C50A4CF2E75A893000ED391 /* Frameworks */,
				8C50A4D02E75A893000ED391 /* Resources */,
			);
			buildRules = (
			);
			dependencies = (
				8C50A4D42E75A893000ED391 /* PBXTargetDependency */,
			);
			fileSystemSynchronizedGroups = (
				8C50A4D52E75A893000ED391 /* IconMakerAppUITests */,
			);
			name = IconMakerAppUITests;
			packageProductDependencies = (
			);
			productName = IconMakerAppUITests;
			productReference = 8C50A4D22E75A893000ED391 /* IconMakerAppUITests.xctest */;
			productType = "com.apple.product-type.bundle.ui-testing";
		};
		8C71CC982DBDDDD2006FB320 /* macOS Icon Generator App */ = {
			isa = PBXNativeTarget;
			buildConfigurationList = 8C71CCBE2DBDDDD3006FB320 /* Build configuration list for PBXNativeTarget "macOS Icon Generator App" */;
			buildPhases = (
				8C71CC952DBDDDD2006FB320 /* Sources */,
				8C71CC962DBDDDD2006FB320 /* Frameworks */,
				8C71CC972DBDDDD2006FB320 /* Resources */,
				8C2137A02F92173C001C769A /* Embed sfIconGen-CLI */,
			);
			buildRules = (
			);
			dependencies = (
				8C21379F2F9216F6001C769A /* PBXTargetDependency */,
			);
			fileSystemSynchronizedGroups = (
				8C71CC9B2DBDDDD2006FB320 /* macOS Icon Generator App */,
			);
			name = "macOS Icon Generator App";
			packageProductDependencies = (
			);
			productName = "macOS Icon Generator App";
			productReference = 8C71CC992DBDDDD2006FB320 /* macOS Icon Generator App.app */;
			productType = "com.apple.product-type.application";
		};
		8C71CCA92DBDDDD3006FB320 /* macOS Icon Generator AppTests */ = {
			isa = PBXNativeTarget;
			buildConfigurationList = 8C71CCC12DBDDDD3006FB320 /* Build configuration list for PBXNativeTarget "macOS Icon Generator AppTests" */;
			buildPhases = (
				8C71CCA62DBDDDD3006FB320 /* Sources */,
				8C71CCA72DBDDDD3006FB320 /* Frameworks */,
				8C71CCA82DBDDDD3006FB320 /* Resources */,
			);
			buildRules = (
			);
			dependencies = (
				8C71CCAC2DBDDDD3006FB320 /* PBXTargetDependency */,
			);
			fileSystemSynchronizedGroups = (
				8C71CCAD2DBDDDD3006FB320 /* macOS Icon Generator AppTests */,
			);
			name = "macOS Icon Generator AppTests";
			packageProductDependencies = (
				8C27BE2B2F95085F00C00DCA /* SnapshotTesting */,
			);
			productName = "macOS Icon Generator AppTests";
			productReference = 8C71CCAA2DBDDDD3006FB320 /* macOS Icon Generator AppTests.xctest */;
			productType = "com.apple.product-type.bundle.unit-test";
		};
		8C71CCB32DBDDDD3006FB320 /* macOS Icon Generator AppUITests */ = {
			isa = PBXNativeTarget;
			buildConfigurationList = 8C71CCC42DBDDDD3006FB320 /* Build configuration list for PBXNativeTarget "macOS Icon Generator AppUITests" */;
			buildPhases = (
				8C71CCB02DBDDDD3006FB320 /* Sources */,
				8C71CCB12DBDDDD3006FB320 /* Frameworks */,
				8C71CCB22DBDDDD3006FB320 /* Resources */,
			);
			buildRules = (
			);
			dependencies = (
				8C71CCB62DBDDDD3006FB320 /* PBXTargetDependency */,
			);
			fileSystemSynchronizedGroups = (
				8C71CCB72DBDDDD3006FB320 /* macOS Icon Generator AppUITests */,
			);
			name = "macOS Icon Generator AppUITests";
			packageProductDependencies = (
			);
			productName = "macOS Icon Generator AppUITests";
			productReference = 8C71CCB42DBDDDD3006FB320 /* macOS Icon Generator AppUITests.xctest */;
			productType = "com.apple.product-type.bundle.ui-testing";
		};
		8C75F5802E8D5AC4008FB893 /* sfIconGen-CLI Tests */ = {
			isa = PBXNativeTarget;
			buildConfigurationList = 8C75F5872E8D5AC4008FB893 /* Build configuration list for PBXNativeTarget "sfIconGen-CLI Tests" */;
			buildPhases = (
				8C75F57D2E8D5AC4008FB893 /* Sources */,
				8C75F57E2E8D5AC4008FB893 /* Frameworks */,
				8C75F57F2E8D5AC4008FB893 /* Resources */,
			);
			buildRules = (
			);
			dependencies = (
				8C21360A2F920188001C769A /* PBXTargetDependency */,
				8C75F5862E8D5AC4008FB893 /* PBXTargetDependency */,
			);
			fileSystemSynchronizedGroups = (
				8C75F5822E8D5AC4008FB893 /* sfIconGen-CLI Tests */,
			);
			name = "sfIconGen-CLI Tests";
			packageProductDependencies = (
				8C2136052F920062001C769A /* ArgumentParser */,
			);
			productName = "sfIconGen-CLI Tests";
			productReference = 8C75F5812E8D5AC4008FB893 /* sfIconGen-CLI Tests.xctest */;
			productType = "com.apple.product-type.bundle.unit-test";
		};
/* End PBXNativeTarget section */

/* Begin PBXProject section */
		8C71CC912DBDDDD2006FB320 /* Project object */ = {
			isa = PBXProject;
			attributes = {
				BuildIndependentTargetsInParallel = 1;
				LastSwiftUpdateCheck = 2600;
				LastUpgradeCheck = 2600;
				TargetAttributes = {
					8C3148C82E61E39F00C7A0A9 = {
						CreatedOnToolsVersion = 26.0;
						LastSwiftMigration = 2600;
					};
					8C50A4BB2E75A891000ED391 = {
						CreatedOnToolsVersion = 26.0;
					};
					8C50A4C72E75A893000ED391 = {
						CreatedOnToolsVersion = 26.0;
						TestTargetID = 8C50A4BB2E75A891000ED391;
					};
					8C50A4D12E75A893000ED391 = {
						CreatedOnToolsVersion = 26.0;
						TestTargetID = 8C50A4BB2E75A891000ED391;
					};
					8C71CC982DBDDDD2006FB320 = {
						CreatedOnToolsVersion = 16.2;
					};
					8C71CCA92DBDDDD3006FB320 = {
						CreatedOnToolsVersion = 16.2;
						TestTargetID = 8C71CC982DBDDDD2006FB320;
					};
					8C71CCB32DBDDDD3006FB320 = {
						CreatedOnToolsVersion = 16.2;
						TestTargetID = 8C71CC982DBDDDD2006FB320;
					};
					8C75F5802E8D5AC4008FB893 = {
						CreatedOnToolsVersion = 26.0.1;
						TestTargetID = 8C71CC982DBDDDD2006FB320;
					};
				};
			};
			buildConfigurationList = 8C71CC942DBDDDD2006FB320 /* Build configuration list for PBXProject "macOS Icon Generator App" */;
			developmentRegion = en;
			hasScannedForEncodings = 0;
			knownRegions = (
				en,
				Base,
			);
			mainGroup = 8C71CC902DBDDDD2006FB320;
			minimizedProjectReferenceProxies = 1;
			packageReferences = (
				8C3148B82E61E0C000C7A0A9 /* XCRemoteSwiftPackageReference "swift-argument-parser" */,
				8C27BE2A2F95085F00C00DCA /* XCRemoteSwiftPackageReference "swift-snapshot-testing" */,
			);
			preferredProjectObjectVersion = 77;
			productRefGroup = 8C71CC9A2DBDDDD2006FB320 /* Products */;
			projectDirPath = "";
			projectRoot = "";
			targets = (
				8C71CC982DBDDDD2006FB320 /* macOS Icon Generator App */,
				8C71CCA92DBDDDD3006FB320 /* macOS Icon Generator AppTests */,
				8C71CCB32DBDDDD3006FB320 /* macOS Icon Generator AppUITests */,
				8C3148C82E61E39F00C7A0A9 /* sfIconGen-CLI */,
				8C50A4BB2E75A891000ED391 /* IconMakerApp */,
				8C50A4C72E75A893000ED391 /* IconMakerAppTests */,
				8C50A4D12E75A893000ED391 /* IconMakerAppUITests */,
				8C75F5802E8D5AC4008FB893 /* sfIconGen-CLI Tests */,
			);
		};
/* End PBXProject section */

/* Begin PBXResourcesBuildPhase section */
		8C50A4BA2E75A891000ED391 /* Resources */ = {
			isa = PBXResourcesBuildPhase;
			buildActionMask = 2147483647;
			files = (
			);
			runOnlyForDeploymentPostprocessing = 0;
		};
		8C50A4C62E75A893000ED391 /* Resources */ = {
			isa = PBXResourcesBuildPhase;
			buildActionMask = 2147483647;
			files = (
			);
			runOnlyForDeploymentPostprocessing = 0;
		};
		8C50A4D02E75A893000ED391 /* Resources */ = {
			isa = PBXResourcesBuildPhase;
			buildActionMask = 2147483647;
			files = (
			);
			runOnlyForDeploymentPostprocessing = 0;
		};
		8C71CC972DBDDDD2006FB320 /* Resources */ = {
			isa = PBXResourcesBuildPhase;
			buildActionMask = 2147483647;
			files = (
			);
			runOnlyForDeploymentPostprocessing = 0;
		};
		8C71CCA82DBDDDD3006FB320 /* Resources */ = {
			isa = PBXResourcesBuildPhase;
			buildActionMask = 2147483647;
			files = (
			);
			runOnlyForDeploymentPostprocessing = 0;
		};
		8C71CCB22DBDDDD3006FB320 /* Resources */ = {
			isa = PBXResourcesBuildPhase;
			buildActionMask = 2147483647;
			files = (
			);
			runOnlyForDeploymentPostprocessing = 0;
		};
		8C75F57F2E8D5AC4008FB893 /* Resources */ = {
			isa = PBXResourcesBuildPhase;
			buildActionMask = 2147483647;
			files = (
			);
			runOnlyForDeploymentPostprocessing = 0;
		};
/* End PBXResourcesBuildPhase section */

/* Begin PBXSourcesBuildPhase section */
		8C3148C52E61E39F00C7A0A9 /* Sources */ = {
			isa = PBXSourcesBuildPhase;
			buildActionMask = 2147483647;
			files = (
			);
			runOnlyForDeploymentPostprocessing = 0;
		};
		8C50A4B82E75A891000ED391 /* Sources */ = {
			isa = PBXSourcesBuildPhase;
			buildActionMask = 2147483647;
			files = (
			);
			runOnlyForDeploymentPostprocessing = 0;
		};
		8C50A4C42E75A893000ED391 /* Sources */ = {
			isa = PBXSourcesBuildPhase;
			buildActionMask = 2147483647;
			files = (
			);
			runOnlyForDeploymentPostprocessing = 0;
		};
		8C50A4CE2E75A893000ED391 /* Sources */ = {
			isa = PBXSourcesBuildPhase;
			buildActionMask = 2147483647;
			files = (
			);
			runOnlyForDeploymentPostprocessing = 0;
		};
		8C71CC952DBDDDD2006FB320 /* Sources */ = {
			isa = PBXSourcesBuildPhase;
			buildActionMask = 2147483647;
			files = (
			);
			runOnlyForDeploymentPostprocessing = 0;
		};
		8C71CCA62DBDDDD3006FB320 /* Sources */ = {
			isa = PBXSourcesBuildPhase;
			buildActionMask = 2147483647;
			files = (
			);
			runOnlyForDeploymentPostprocessing = 0;
		};
		8C71CCB02DBDDDD3006FB320 /* Sources */ = {
			isa = PBXSourcesBuildPhase;
			buildActionMask = 2147483647;
			files = (
			);
			runOnlyForDeploymentPostprocessing = 0;
		};
		8C75F57D2E8D5AC4008FB893 /* Sources */ = {
			isa = PBXSourcesBuildPhase;
			buildActionMask = 2147483647;
			files = (
			);
			runOnlyForDeploymentPostprocessing = 0;
		};
/* End PBXSourcesBuildPhase section */

/* Begin PBXTargetDependency section */
		8C21360A2F920188001C769A /* PBXTargetDependency */ = {
			isa = PBXTargetDependency;
			target = 8C3148C82E61E39F00C7A0A9 /* sfIconGen-CLI */;
			targetProxy = 8C2136092F920188001C769A /* PBXContainerItemProxy */;
		};
		8C21379F2F9216F6001C769A /* PBXTargetDependency */ = {
			isa = PBXTargetDependency;
			target = 8C3148C82E61E39F00C7A0A9 /* sfIconGen-CLI */;
			targetProxy = 8C21379E2F9216F6001C769A /* PBXContainerItemProxy */;
		};
		8C50A4CA2E75A893000ED391 /* PBXTargetDependency */ = {
			isa = PBXTargetDependency;
			target = 8C50A4BB2E75A891000ED391 /* IconMakerApp */;
			targetProxy = 8C50A4C92E75A893000ED391 /* PBXContainerItemProxy */;
		};
		8C50A4D42E75A893000ED391 /* PBXTargetDependency */ = {
			isa = PBXTargetDependency;
			target = 8C50A4BB2E75A891000ED391 /* IconMakerApp */;
			targetProxy = 8C50A4D32E75A893000ED391 /* PBXContainerItemProxy */;
		};
		8C71CCAC2DBDDDD3006FB320 /* PBXTargetDependency */ = {
			isa = PBXTargetDependency;
			target = 8C71CC982DBDDDD2006FB320 /* macOS Icon Generator App */;
			targetProxy = 8C71CCAB2DBDDDD3006FB320 /* PBXContainerItemProxy */;
		};
		8C71CCB62DBDDDD3006FB320 /* PBXTargetDependency */ = {
			isa = PBXTargetDependency;
			target = 8C71CC982DBDDDD2006FB320 /* macOS Icon Generator App */;
			targetProxy = 8C71CCB52DBDDDD3006FB320 /* PBXContainerItemProxy */;
		};
		8C75F5862E8D5AC4008FB893 /* PBXTargetDependency */ = {
			isa = PBXTargetDependency;
			target = 8C71CC982DBDDDD2006FB320 /* macOS Icon Generator App */;
			targetProxy = 8C75F5852E8D5AC4008FB893 /* PBXContainerItemProxy */;
		};
/* End PBXTargetDependency section */

/* Begin XCBuildConfiguration section */
		8C3148CE2E61E39F00C7A0A9 /* Debug */ = {
			isa = XCBuildConfiguration;
			buildSettings = {
				CLANG_ENABLE_MODULES = YES;
				"CODE_SIGN_IDENTITY[sdk=macosx*]" = "-";
				CODE_SIGN_STYLE = Automatic;
				DEAD_CODE_STRIPPING = YES;
				DEVELOPMENT_TEAM = SFUTCBA5VH;
				ENABLE_HARDENED_RUNTIME = YES;
				MACOSX_DEPLOYMENT_TARGET = 15.6;
				PRODUCT_BUNDLE_IDENTIFIER = "test.sficongen-cli";
				PRODUCT_NAME = "$(TARGET_NAME)";
				SWIFT_APPROACHABLE_CONCURRENCY = YES;
				SWIFT_OPTIMIZATION_LEVEL = "-Onone";
				SWIFT_UPCOMING_FEATURE_MEMBER_IMPORT_VISIBILITY = YES;
				SWIFT_VERSION = 5.0;
			};
			name = Debug;
		};
		8C3148CF2E61E39F00C7A0A9 /* Release */ = {
			isa = XCBuildConfiguration;
			buildSettings = {
				CLANG_ENABLE_MODULES = YES;
				"CODE_SIGN_IDENTITY[sdk=macosx*]" = "-";
				CODE_SIGN_STYLE = Automatic;
				DEAD_CODE_STRIPPING = YES;
				DEVELOPMENT_TEAM = SFUTCBA5VH;
				ENABLE_HARDENED_RUNTIME = YES;
				MACOSX_DEPLOYMENT_TARGET = 15.6;
				PRODUCT_BUNDLE_IDENTIFIER = "test.sficongen-cli";
				PRODUCT_NAME = "$(TARGET_NAME)";
				SWIFT_APPROACHABLE_CONCURRENCY = YES;
				SWIFT_UPCOMING_FEATURE_MEMBER_IMPORT_VISIBILITY = YES;
				SWIFT_VERSION = 5.0;
			};
			name = Release;
		};
		8C50A4DB2E75A893000ED391 /* Debug */ = {
			isa = XCBuildConfiguration;
			buildSettings = {
				ASSETCATALOG_COMPILER_APPICON_NAME = AppIcon;
				ASSETCATALOG_COMPILER_GLOBAL_ACCENT_COLOR_NAME = AccentColor;
				CODE_SIGN_IDENTITY = "Apple Development";
				CODE_SIGN_STYLE = Automatic;
				CURRENT_PROJECT_VERSION = 1;
				DEVELOPMENT_TEAM = SFUTCBA5VH;
				ENABLE_PREVIEWS = YES;
				GENERATE_INFOPLIST_FILE = YES;
				INFOPLIST_KEY_UIApplicationSceneManifest_Generation = YES;
				INFOPLIST_KEY_UIApplicationSupportsIndirectInputEvents = YES;
				INFOPLIST_KEY_UILaunchScreen_Generation = YES;
				INFOPLIST_KEY_UISupportedInterfaceOrientations_iPad = "UIInterfaceOrientationPortrait UIInterfaceOrientationPortraitUpsideDown UIInterfaceOrientationLandscapeLeft UIInterfaceOrientationLandscapeRight";
				INFOPLIST_KEY_UISupportedInterfaceOrientations_iPhone = "UIInterfaceOrientationPortrait UIInterfaceOrientationLandscapeLeft UIInterfaceOrientationLandscapeRight";
				IPHONEOS_DEPLOYMENT_TARGET = 26.0;
				LD_RUNPATH_SEARCH_PATHS = (
					"$(inherited)",
					"@executable_path/Frameworks",
				);
				MARKETING_VERSION = 1.0;
				PRODUCT_BUNDLE_IDENTIFIER = test.IconMakerApp;
				PRODUCT_NAME = "$(TARGET_NAME)";
				PROVISIONING_PROFILE_SPECIFIER = "";
				SDKROOT = iphoneos;
				STRING_CATALOG_GENERATE_SYMBOLS = YES;
				SWIFT_APPROACHABLE_CONCURRENCY = YES;
				SWIFT_DEFAULT_ACTOR_ISOLATION = MainActor;
				SWIFT_EMIT_LOC_STRINGS = YES;
				SWIFT_UPCOMING_FEATURE_MEMBER_IMPORT_VISIBILITY = YES;
				SWIFT_VERSION = 5.0;
				TARGETED_DEVICE_FAMILY = "1,2";
			};
			name = Debug;
		};
		8C50A4DC2E75A893000ED391 /* Release */ = {
			isa = XCBuildConfiguration;
			buildSettings = {
				ASSETCATALOG_COMPILER_APPICON_NAME = AppIcon;
				ASSETCATALOG_COMPILER_GLOBAL_ACCENT_COLOR_NAME = AccentColor;
				CODE_SIGN_IDENTITY = "Apple Development";
				CODE_SIGN_STYLE = Automatic;
				CURRENT_PROJECT_VERSION = 1;
				DEVELOPMENT_TEAM = SFUTCBA5VH;
				ENABLE_PREVIEWS = YES;
				GENERATE_INFOPLIST_FILE = YES;
				INFOPLIST_KEY_UIApplicationSceneManifest_Generation = YES;
				INFOPLIST_KEY_UIApplicationSupportsIndirectInputEvents = YES;
				INFOPLIST_KEY_UILaunchScreen_Generation = YES;
				INFOPLIST_KEY_UISupportedInterfaceOrientations_iPad = "UIInterfaceOrientationPortrait UIInterfaceOrientationPortraitUpsideDown UIInterfaceOrientationLandscapeLeft UIInterfaceOrientationLandscapeRight";
				INFOPLIST_KEY_UISupportedInterfaceOrientations_iPhone = "UIInterfaceOrientationPortrait UIInterfaceOrientationLandscapeLeft UIInterfaceOrientationLandscapeRight";
				IPHONEOS_DEPLOYMENT_TARGET = 26.0;
				LD_RUNPATH_SEARCH_PATHS = (
					"$(inherited)",
					"@executable_path/Frameworks",
				);
				MARKETING_VERSION = 1.0;
				PRODUCT_BUNDLE_IDENTIFIER = test.IconMakerApp;
				PRODUCT_NAME = "$(TARGET_NAME)";
				PROVISIONING_PROFILE_SPECIFIER = "";
				SDKROOT = iphoneos;
				STRING_CATALOG_GENERATE_SYMBOLS = YES;
				SWIFT_APPROACHABLE_CONCURRENCY = YES;
				SWIFT_DEFAULT_ACTOR_ISOLATION = MainActor;
				SWIFT_EMIT_LOC_STRINGS = YES;
				SWIFT_UPCOMING_FEATURE_MEMBER_IMPORT_VISIBILITY = YES;
				SWIFT_VERSION = 5.0;
				TARGETED_DEVICE_FAMILY = "1,2";
				VALIDATE_PRODUCT = YES;
			};
			name = Release;
		};
		8C50A4DE2E75A893000ED391 /* Debug */ = {
			isa = XCBuildConfiguration;
			buildSettings = {
				BUNDLE_LOADER = "$(TEST_HOST)";
				CODE_SIGN_STYLE = Automatic;
				CURRENT_PROJECT_VERSION = 1;
				DEVELOPMENT_TEAM = SFUTCBA5VH;
				GENERATE_INFOPLIST_FILE = YES;
				IPHONEOS_DEPLOYMENT_TARGET = 26.0;
				MARKETING_VERSION = 1.0;
				PRODUCT_BUNDLE_IDENTIFIER = test.IconMakerAppTests;
				PRODUCT_NAME = "$(TARGET_NAME)";
				SDKROOT = iphoneos;
				STRING_CATALOG_GENERATE_SYMBOLS = NO;
				SWIFT_APPROACHABLE_CONCURRENCY = YES;
				SWIFT_EMIT_LOC_STRINGS = NO;
				SWIFT_UPCOMING_FEATURE_MEMBER_IMPORT_VISIBILITY = YES;
				SWIFT_VERSION = 5.0;
				TARGETED_DEVICE_FAMILY = "1,2";
				TEST_HOST = "$(BUILT_PRODUCTS_DIR)/IconMakerApp.app/$(BUNDLE_EXECUTABLE_FOLDER_PATH)/IconMakerApp";
			};
			name = Debug;
		};
		8C50A4DF2E75A893000ED391 /* Release */ = {
			isa = XCBuildConfiguration;
			buildSettings = {
				BUNDLE_LOADER = "$(TEST_HOST)";
				CODE_SIGN_STYLE = Automatic;
				CURRENT_PROJECT_VERSION = 1;
				DEVELOPMENT_TEAM = SFUTCBA5VH;
				GENERATE_INFOPLIST_FILE = YES;
				IPHONEOS_DEPLOYMENT_TARGET = 26.0;
				MARKETING_VERSION = 1.0;
				PRODUCT_BUNDLE_IDENTIFIER = test.IconMakerAppTests;
				PRODUCT_NAME = "$(TARGET_NAME)";
				SDKROOT = iphoneos;
				STRING_CATALOG_GENERATE_SYMBOLS = NO;
				SWIFT_APPROACHABLE_CONCURRENCY = YES;
				SWIFT_EMIT_LOC_STRINGS = NO;
				SWIFT_UPCOMING_FEATURE_MEMBER_IMPORT_VISIBILITY = YES;
				SWIFT_VERSION = 5.0;
				TARGETED_DEVICE_FAMILY = "1,2";
				TEST_HOST = "$(BUILT_PRODUCTS_DIR)/IconMakerApp.app/$(BUNDLE_EXECUTABLE_FOLDER_PATH)/IconMakerApp";
				VALIDATE_PRODUCT = YES;
			};
			name = Release;
		};
		8C50A4E12E75A893000ED391 /* Debug */ = {
			isa = XCBuildConfiguration;
			buildSettings = {
				CODE_SIGN_STYLE = Automatic;
				CURRENT_PROJECT_VERSION = 1;
				DEVELOPMENT_TEAM = SFUTCBA5VH;
				GENERATE_INFOPLIST_FILE = YES;
				IPHONEOS_DEPLOYMENT_TARGET = 15.6;
				MARKETING_VERSION = 1.0;
				PRODUCT_BUNDLE_IDENTIFIER = test.IconMakerAppUITests;
				PRODUCT_NAME = "$(TARGET_NAME)";
				SDKROOT = iphoneos;
				STRING_CATALOG_GENERATE_SYMBOLS = NO;
				SWIFT_APPROACHABLE_CONCURRENCY = YES;
				SWIFT_EMIT_LOC_STRINGS = NO;
				SWIFT_UPCOMING_FEATURE_MEMBER_IMPORT_VISIBILITY = YES;
				SWIFT_VERSION = 5.0;
				TARGETED_DEVICE_FAMILY = "1,2";
				TEST_TARGET_NAME = IconMakerApp;
			};
			name = Debug;
		};
		8C50A4E22E75A893000ED391 /* Release */ = {
			isa = XCBuildConfiguration;
			buildSettings = {
				CODE_SIGN_STYLE = Automatic;
				CURRENT_PROJECT_VERSION = 1;
				DEVELOPMENT_TEAM = SFUTCBA5VH;
				GENERATE_INFOPLIST_FILE = YES;
				IPHONEOS_DEPLOYMENT_TARGET = 15.6;
				MARKETING_VERSION = 1.0;
				PRODUCT_BUNDLE_IDENTIFIER = test.IconMakerAppUITests;
				PRODUCT_NAME = "$(TARGET_NAME)";
				SDKROOT = iphoneos;
				STRING_CATALOG_GENERATE_SYMBOLS = NO;
				SWIFT_APPROACHABLE_CONCURRENCY = YES;
				SWIFT_EMIT_LOC_STRINGS = NO;
				SWIFT_UPCOMING_FEATURE_MEMBER_IMPORT_VISIBILITY = YES;
				SWIFT_VERSION = 5.0;
				TARGETED_DEVICE_FAMILY = "1,2";
				TEST_TARGET_NAME = IconMakerApp;
				VALIDATE_PRODUCT = YES;
			};
			name = Release;
		};
		8C71CCBC2DBDDDD3006FB320 /* Debug */ = {
			isa = XCBuildConfiguration;
			buildSettings = {
				ALWAYS_SEARCH_USER_PATHS = NO;
				ASSETCATALOG_COMPILER_GENERATE_SWIFT_ASSET_SYMBOL_EXTENSIONS = YES;
				CLANG_ANALYZER_NONNULL = YES;
				CLANG_ANALYZER_NUMBER_OBJECT_CONVERSION = YES_AGGRESSIVE;
				CLANG_CXX_LANGUAGE_STANDARD = "gnu++20";
				CLANG_ENABLE_MODULES = YES;
				CLANG_ENABLE_OBJC_ARC = YES;
				CLANG_ENABLE_OBJC_WEAK = YES;
				CLANG_WARN_BLOCK_CAPTURE_AUTORELEASING = YES;
				CLANG_WARN_BOOL_CONVERSION = YES;
				CLANG_WARN_COMMA = YES;
				CLANG_WARN_CONSTANT_CONVERSION = YES;
				CLANG_WARN_DEPRECATED_OBJC_IMPLEMENTATIONS = YES;
				CLANG_WARN_DIRECT_OBJC_ISA_USAGE = YES_ERROR;
				CLANG_WARN_DOCUMENTATION_COMMENTS = YES;
				CLANG_WARN_EMPTY_BODY = YES;
				CLANG_WARN_ENUM_CONVERSION = YES;
				CLANG_WARN_INFINITE_RECURSION = YES;
				CLANG_WARN_INT_CONVERSION = YES;
				CLANG_WARN_NON_LITERAL_NULL_CONVERSION = YES;
				CLANG_WARN_OBJC_IMPLICIT_RETAIN_SELF = YES;
				CLANG_WARN_OBJC_LITERAL_CONVERSION = YES;
				CLANG_WARN_OBJC_ROOT_CLASS = YES_ERROR;
				CLANG_WARN_QUOTED_INCLUDE_IN_FRAMEWORK_HEADER = YES;
				CLANG_WARN_RANGE_LOOP_ANALYSIS = YES;
				CLANG_WARN_STRICT_PROTOTYPES = YES;
				CLANG_WARN_SUSPICIOUS_MOVE = YES;
				CLANG_WARN_UNGUARDED_AVAILABILITY = YES_AGGRESSIVE;
				CLANG_WARN_UNREACHABLE_CODE = YES;
				CLANG_WARN__DUPLICATE_METHOD_MATCH = YES;
				COPY_PHASE_STRIP = NO;
				DEAD_CODE_STRIPPING = YES;
				DEBUG_INFORMATION_FORMAT = dwarf;
				DEVELOPMENT_TEAM = SFUTCBA5VH;
				ENABLE_STRICT_OBJC_MSGSEND = YES;
				ENABLE_TESTABILITY = YES;
				ENABLE_USER_SCRIPT_SANDBOXING = YES;
				GCC_C_LANGUAGE_STANDARD = gnu17;
				GCC_DYNAMIC_NO_PIC = NO;
				GCC_NO_COMMON_BLOCKS = YES;
				GCC_OPTIMIZATION_LEVEL = 0;
				GCC_PREPROCESSOR_DEFINITIONS = (
					"DEBUG=1",
					"$(inherited)",
				);
				GCC_WARN_64_TO_32_BIT_CONVERSION = YES;
				GCC_WARN_ABOUT_RETURN_TYPE = YES_ERROR;
				GCC_WARN_UNDECLARED_SELECTOR = YES;
				GCC_WARN_UNINITIALIZED_AUTOS = YES_AGGRESSIVE;
				GCC_WARN_UNUSED_FUNCTION = YES;
				GCC_WARN_UNUSED_VARIABLE = YES;
				LOCALIZATION_PREFERS_STRING_CATALOGS = YES;
				MACOSX_DEPLOYMENT_TARGET = 15.2;
				MTL_ENABLE_DEBUG_INFO = INCLUDE_SOURCE;
				MTL_FAST_MATH = YES;
				ONLY_ACTIVE_ARCH = YES;
				SDKROOT = macosx;
				STRING_CATALOG_GENERATE_SYMBOLS = YES;
				SWIFT_ACTIVE_COMPILATION_CONDITIONS = "DEBUG $(inherited)";
				SWIFT_OPTIMIZATION_LEVEL = "-Onone";
			};
			name = Debug;
		};
		8C71CCBD2DBDDDD3006FB320 /* Release */ = {
			isa = XCBuildConfiguration;
			buildSettings = {
				ALWAYS_SEARCH_USER_PATHS = NO;
				ASSETCATALOG_COMPILER_GENERATE_SWIFT_ASSET_SYMBOL_EXTENSIONS = YES;
				CLANG_ANALYZER_NONNULL = YES;
				CLANG_ANALYZER_NUMBER_OBJECT_CONVERSION = YES_AGGRESSIVE;
				CLANG_CXX_LANGUAGE_STANDARD = "gnu++20";
				CLANG_ENABLE_MODULES = YES;
				CLANG_ENABLE_OBJC_ARC = YES;
				CLANG_ENABLE_OBJC_WEAK = YES;
				CLANG_WARN_BLOCK_CAPTURE_AUTORELEASING = YES;
				CLANG_WARN_BOOL_CONVERSION = YES;
				CLANG_WARN_COMMA = YES;
				CLANG_WARN_CONSTANT_CONVERSION = YES;
				CLANG_WARN_DEPRECATED_OBJC_IMPLEMENTATIONS = YES;
				CLANG_WARN_DIRECT_OBJC_ISA_USAGE = YES_ERROR;
				CLANG_WARN_DOCUMENTATION_COMMENTS = YES;
				CLANG_WARN_EMPTY_BODY = YES;
				CLANG_WARN_ENUM_CONVERSION = YES;
				CLANG_WARN_INFINITE_RECURSION = YES;
				CLANG_WARN_INT_CONVERSION = YES;
				CLANG_WARN_NON_LITERAL_NULL_CONVERSION = YES;
				CLANG_WARN_OBJC_IMPLICIT_RETAIN_SELF = YES;
				CLANG_WARN_OBJC_LITERAL_CONVERSION = YES;
				CLANG_WARN_OBJC_ROOT_CLASS = YES_ERROR;
				CLANG_WARN_QUOTED_INCLUDE_IN_FRAMEWORK_HEADER = YES;
				CLANG_WARN_RANGE_LOOP_ANALYSIS = YES;
				CLANG_WARN_STRICT_PROTOTYPES = YES;
				CLANG_WARN_SUSPICIOUS_MOVE = YES;
				CLANG_WARN_UNGUARDED_AVAILABILITY = YES_AGGRESSIVE;
				CLANG_WARN_UNREACHABLE_CODE = YES;
				CLANG_WARN__DUPLICATE_METHOD_MATCH = YES;
				COPY_PHASE_STRIP = NO;
				DEAD_CODE_STRIPPING = YES;
				DEBUG_INFORMATION_FORMAT = "dwarf-with-dsym";
				DEVELOPMENT_TEAM = SFUTCBA5VH;
				ENABLE_NS_ASSERTIONS = NO;
				ENABLE_STRICT_OBJC_MSGSEND = YES;
				ENABLE_USER_SCRIPT_SANDBOXING = YES;
				GCC_C_LANGUAGE_STANDARD = gnu17;
				GCC_NO_COMMON_BLOCKS = YES;
				GCC_WARN_64_TO_32_BIT_CONVERSION = YES;
				GCC_WARN_ABOUT_RETURN_TYPE = YES_ERROR;
				GCC_WARN_UNDECLARED_SELECTOR = YES;
				GCC_WARN_UNINITIALIZED_AUTOS = YES_AGGRESSIVE;
				GCC_WARN_UNUSED_FUNCTION = YES;
				GCC_WARN_UNUSED_VARIABLE = YES;
				LOCALIZATION_PREFERS_STRING_CATALOGS = YES;
				MACOSX_DEPLOYMENT_TARGET = 15.2;
				MTL_ENABLE_DEBUG_INFO = NO;
				MTL_FAST_MATH = YES;
				SDKROOT = macosx;
				STRING_CATALOG_GENERATE_SYMBOLS = YES;
				SWIFT_COMPILATION_MODE = wholemodule;
			};
			name = Release;
		};
		8C71CCBF2DBDDDD3006FB320 /* Debug */ = {
			isa = XCBuildConfiguration;
			buildSettings = {
				ASSETCATALOG_COMPILER_APPICON_NAME = AppIcon;
				ASSETCATALOG_COMPILER_GLOBAL_ACCENT_COLOR_NAME = AccentColor;
				ASSETCATALOG_COMPILER_INCLUDE_ALL_APPICON_ASSETS = NO;
				CODE_SIGN_ENTITLEMENTS = "macOS Icon Generator App/macOS_Icon_Generator_App.entitlements";
				CODE_SIGN_IDENTITY = "Apple Development";
				"CODE_SIGN_IDENTITY[sdk=macosx*]" = "Apple Development";
				CODE_SIGN_STYLE = Automatic;
				COMBINE_HIDPI_IMAGES = YES;
				CURRENT_PROJECT_VERSION = 1;
				DEAD_CODE_STRIPPING = YES;
				DEVELOPMENT_ASSET_PATHS = "\"macOS Icon Generator App/Preview Content\"";
				DEVELOPMENT_TEAM = SFUTCBA5VH;
				ENABLE_APP_SANDBOX = YES;
				ENABLE_FILE_ACCESS_DOWNLOADS_FOLDER = readwrite;
				ENABLE_HARDENED_RUNTIME = YES;
				ENABLE_PREVIEWS = YES;
				ENABLE_USER_SELECTED_FILES = readwrite;
				GENERATE_INFOPLIST_FILE = YES;
				INFOPLIST_FILE = "macOS-Icon-Generator-App-Info.plist";
				INFOPLIST_KEY_LSApplicationCategoryType = "public.app-category.developer-tools";
				INFOPLIST_KEY_NSHumanReadableCopyright = "";
				LD_RUNPATH_SEARCH_PATHS = (
					"$(inherited)",
					"@executable_path/../Frameworks",
				);
				MACOSX_DEPLOYMENT_TARGET = 15.6;
				MARKETING_VERSION = 1.0;
				PRODUCT_BUNDLE_IDENTIFIER = "test.macOS-Icon-Generator-App";
				PRODUCT_NAME = "$(TARGET_NAME)";
				PROVISIONING_PROFILE_SPECIFIER = "";
				SWIFT_EMIT_LOC_STRINGS = YES;
				SWIFT_VERSION = 5.0;
			};
			name = Debug;
		};
		8C71CCC02DBDDDD3006FB320 /* Release */ = {
			isa = XCBuildConfiguration;
			buildSettings = {
				ASSETCATALOG_COMPILER_APPICON_NAME = AppIcon;
				ASSETCATALOG_COMPILER_GLOBAL_ACCENT_COLOR_NAME = AccentColor;
				ASSETCATALOG_COMPILER_INCLUDE_ALL_APPICON_ASSETS = NO;
				CODE_SIGN_ENTITLEMENTS = "macOS Icon Generator App/macOS_Icon_Generator_App.entitlements";
				CODE_SIGN_IDENTITY = "Apple Development";
				"CODE_SIGN_IDENTITY[sdk=macosx*]" = "Apple Development";
				CODE_SIGN_STYLE = Automatic;
				COMBINE_HIDPI_IMAGES = YES;
				CURRENT_PROJECT_VERSION = 1;
				DEAD_CODE_STRIPPING = YES;
				DEVELOPMENT_ASSET_PATHS = "\"macOS Icon Generator App/Preview Content\"";
				DEVELOPMENT_TEAM = SFUTCBA5VH;
				ENABLE_APP_SANDBOX = YES;
				ENABLE_FILE_ACCESS_DOWNLOADS_FOLDER = readwrite;
				ENABLE_HARDENED_RUNTIME = YES;
				ENABLE_PREVIEWS = YES;
				ENABLE_USER_SELECTED_FILES = readwrite;
				GENERATE_INFOPLIST_FILE = YES;
				INFOPLIST_FILE = "macOS-Icon-Generator-App-Info.plist";
				INFOPLIST_KEY_LSApplicationCategoryType = "public.app-category.developer-tools";
				INFOPLIST_KEY_NSHumanReadableCopyright = "";
				LD_RUNPATH_SEARCH_PATHS = (
					"$(inherited)",
					"@executable_path/../Frameworks",
				);
				MACOSX_DEPLOYMENT_TARGET = 15.6;
				MARKETING_VERSION = 1.0;
				PRODUCT_BUNDLE_IDENTIFIER = "test.macOS-Icon-Generator-App";
				PRODUCT_NAME = "$(TARGET_NAME)";
				PROVISIONING_PROFILE_SPECIFIER = "";
				SWIFT_EMIT_LOC_STRINGS = YES;
				SWIFT_VERSION = 5.0;
			};
			name = Release;
		};
		8C71CCC22DBDDDD3006FB320 /* Debug */ = {
			isa = XCBuildConfiguration;
			buildSettings = {
				BUNDLE_LOADER = "$(TEST_HOST)";
				"CODE_SIGN_IDENTITY[sdk=macosx*]" = "-";
				CODE_SIGN_STYLE = Automatic;
				CURRENT_PROJECT_VERSION = 1;
				DEAD_CODE_STRIPPING = YES;
				DEVELOPMENT_TEAM = SFUTCBA5VH;
				GENERATE_INFOPLIST_FILE = YES;
				MACOSX_DEPLOYMENT_TARGET = 15.6;
				MARKETING_VERSION = 1.0;
				PRODUCT_BUNDLE_IDENTIFIER = "test.macOS-Icon-Generator-AppTests";
				PRODUCT_NAME = "$(TARGET_NAME)";
				SWIFT_EMIT_LOC_STRINGS = NO;
				SWIFT_VERSION = 5.0;
				TEST_HOST = "$(BUILT_PRODUCTS_DIR)/macOS Icon Generator App.app/$(BUNDLE_EXECUTABLE_FOLDER_PATH)/macOS Icon Generator App";
			};
			name = Debug;
		};
		8C71CCC32DBDDDD3006FB320 /* Release */ = {
			isa = XCBuildConfiguration;
			buildSettings = {
				BUNDLE_LOADER = "$(TEST_HOST)";
				"CODE_SIGN_IDENTITY[sdk=macosx*]" = "-";
				CODE_SIGN_STYLE = Automatic;
				CURRENT_PROJECT_VERSION = 1;
				DEAD_CODE_STRIPPING = YES;
				DEVELOPMENT_TEAM = SFUTCBA5VH;
				GENERATE_INFOPLIST_FILE = YES;
				MACOSX_DEPLOYMENT_TARGET = 15.6;
				MARKETING_VERSION = 1.0;
				PRODUCT_BUNDLE_IDENTIFIER = "test.macOS-Icon-Generator-AppTests";
				PRODUCT_NAME = "$(TARGET_NAME)";
				SWIFT_EMIT_LOC_STRINGS = NO;
				SWIFT_VERSION = 5.0;
				TEST_HOST = "$(BUILT_PRODUCTS_DIR)/macOS Icon Generator App.app/$(BUNDLE_EXECUTABLE_FOLDER_PATH)/macOS Icon Generator App";
			};
			name = Release;
		};
		8C71CCC52DBDDDD3006FB320 /* Debug */ = {
			isa = XCBuildConfiguration;
			buildSettings = {
				"CODE_SIGN_IDENTITY[sdk=macosx*]" = "-";
				CODE_SIGN_STYLE = Automatic;
				CURRENT_PROJECT_VERSION = 1;
				DEAD_CODE_STRIPPING = YES;
				DEVELOPMENT_TEAM = SFUTCBA5VH;
				GENERATE_INFOPLIST_FILE = YES;
				MACOSX_DEPLOYMENT_TARGET = 15.6;
				MARKETING_VERSION = 1.0;
				PRODUCT_BUNDLE_IDENTIFIER = "test.macOS-Icon-Generator-AppUITests";
				PRODUCT_NAME = "$(TARGET_NAME)";
				SWIFT_EMIT_LOC_STRINGS = NO;
				SWIFT_VERSION = 5.0;
				TEST_TARGET_NAME = "macOS Icon Generator App";
			};
			name = Debug;
		};
		8C71CCC62DBDDDD3006FB320 /* Release */ = {
			isa = XCBuildConfiguration;
			buildSettings = {
				"CODE_SIGN_IDENTITY[sdk=macosx*]" = "-";
				CODE_SIGN_STYLE = Automatic;
				CURRENT_PROJECT_VERSION = 1;
				DEAD_CODE_STRIPPING = YES;
				DEVELOPMENT_TEAM = SFUTCBA5VH;
				GENERATE_INFOPLIST_FILE = YES;
				MACOSX_DEPLOYMENT_TARGET = 15.6;
				MARKETING_VERSION = 1.0;
				PRODUCT_BUNDLE_IDENTIFIER = "test.macOS-Icon-Generator-AppUITests";
				PRODUCT_NAME = "$(TARGET_NAME)";
				SWIFT_EMIT_LOC_STRINGS = NO;
				SWIFT_VERSION = 5.0;
				TEST_TARGET_NAME = "macOS Icon Generator App";
			};
			name = Release;
		};
		8C75F5882E8D5AC4008FB893 /* Debug */ = {
			isa = XCBuildConfiguration;
			buildSettings = {
				BUNDLE_LOADER = "$(TEST_HOST)";
				CODE_SIGN_STYLE = Automatic;
				CURRENT_PROJECT_VERSION = 1;
				DEVELOPMENT_TEAM = SFUTCBA5VH;
				GENERATE_INFOPLIST_FILE = YES;
				MACOSX_DEPLOYMENT_TARGET = 15.6;
				MARKETING_VERSION = 1.0;
				PRODUCT_BUNDLE_IDENTIFIER = "test.sfIconGen-CLI-Tests";
				PRODUCT_NAME = "$(TARGET_NAME)";
				STRING_CATALOG_GENERATE_SYMBOLS = NO;
				SWIFT_APPROACHABLE_CONCURRENCY = YES;
				SWIFT_EMIT_LOC_STRINGS = NO;
				SWIFT_UPCOMING_FEATURE_MEMBER_IMPORT_VISIBILITY = YES;
				SWIFT_VERSION = 5.0;
				TEST_HOST = "$(BUILT_PRODUCTS_DIR)/macOS Icon Generator App.app/$(BUNDLE_EXECUTABLE_FOLDER_PATH)/macOS Icon Generator App";
			};
			name = Debug;
		};
		8C75F5892E8D5AC4008FB893 /* Release */ = {
			isa = XCBuildConfiguration;
			buildSettings = {
				BUNDLE_LOADER = "$(TEST_HOST)";
				CODE_SIGN_STYLE = Automatic;
				CURRENT_PROJECT_VERSION = 1;
				DEVELOPMENT_TEAM = SFUTCBA5VH;
				GENERATE_INFOPLIST_FILE = YES;
				MACOSX_DEPLOYMENT_TARGET = 15.6;
				MARKETING_VERSION = 1.0;
				PRODUCT_BUNDLE_IDENTIFIER = "test.sfIconGen-CLI-Tests";
				PRODUCT_NAME = "$(TARGET_NAME)";
				STRING_CATALOG_GENERATE_SYMBOLS = NO;
				SWIFT_APPROACHABLE_CONCURRENCY = YES;
				SWIFT_EMIT_LOC_STRINGS = NO;
				SWIFT_UPCOMING_FEATURE_MEMBER_IMPORT_VISIBILITY = YES;
				SWIFT_VERSION = 5.0;
				TEST_HOST = "$(BUILT_PRODUCTS_DIR)/macOS Icon Generator App.app/$(BUNDLE_EXECUTABLE_FOLDER_PATH)/macOS Icon Generator App";
			};
			name = Release;
		};
/* End XCBuildConfiguration section */

/* Begin XCConfigurationList section */
		8C3148CD2E61E39F00C7A0A9 /* Build configuration list for PBXNativeTarget "sfIconGen-CLI" */ = {
			isa = XCConfigurationList;
			buildConfigurations = (
				8C3148CE2E61E39F00C7A0A9 /* Debug */,
				8C3148CF2E61E39F00C7A0A9 /* Release */,
			);
			defaultConfigurationIsVisible = 0;
			defaultConfigurationName = Release;
		};
		8C50A4DA2E75A893000ED391 /* Build configuration list for PBXNativeTarget "IconMakerApp" */ = {
			isa = XCConfigurationList;
			buildConfigurations = (
				8C50A4DB2E75A893000ED391 /* Debug */,
				8C50A4DC2E75A893000ED391 /* Release */,
			);
			defaultConfigurationIsVisible = 0;
			defaultConfigurationName = Release;
		};
		8C50A4DD2E75A893000ED391 /* Build configuration list for PBXNativeTarget "IconMakerAppTests" */ = {
			isa = XCConfigurationList;
			buildConfigurations = (
				8C50A4DE2E75A893000ED391 /* Debug */,
				8C50A4DF2E75A893000ED391 /* Release */,
			);
			defaultConfigurationIsVisible = 0;
			defaultConfigurationName = Release;
		};
		8C50A4E02E75A893000ED391 /* Build configuration list for PBXNativeTarget "IconMakerAppUITests" */ = {
			isa = XCConfigurationList;
			buildConfigurations = (
				8C50A4E12E75A893000ED391 /* Debug */,
				8C50A4E22E75A893000ED391 /* Release */,
			);
			defaultConfigurationIsVisible = 0;
			defaultConfigurationName = Release;
		};
		8C71CC942DBDDDD2006FB320 /* Build configuration list for PBXProject "macOS Icon Generator App" */ = {
			isa = XCConfigurationList;
			buildConfigurations = (
				8C71CCBC2DBDDDD3006FB320 /* Debug */,
				8C71CCBD2DBDDDD3006FB320 /* Release */,
			);
			defaultConfigurationIsVisible = 0;
			defaultConfigurationName = Release;
		};
		8C71CCBE2DBDDDD3006FB320 /* Build configuration list for PBXNativeTarget "macOS Icon Generator App" */ = {
			isa = XCConfigurationList;
			buildConfigurations = (
				8C71CCBF2DBDDDD3006FB320 /* Debug */,
				8C71CCC02DBDDDD3006FB320 /* Release */,
			);
			defaultConfigurationIsVisible = 0;
			defaultConfigurationName = Release;
		};
		8C71CCC12DBDDDD3006FB320 /* Build configuration list for PBXNativeTarget "macOS Icon Generator AppTests" */ = {
			isa = XCConfigurationList;
			buildConfigurations = (
				8C71CCC22DBDDDD3006FB320 /* Debug */,
				8C71CCC32DBDDDD3006FB320 /* Release */,
			);
			defaultConfigurationIsVisible = 0;
			defaultConfigurationName = Release;
		};
		8C71CCC42DBDDDD3006FB320 /* Build configuration list for PBXNativeTarget "macOS Icon Generator AppUITests" */ = {
			isa = XCConfigurationList;
			buildConfigurations = (
				8C71CCC52DBDDDD3006FB320 /* Debug */,
				8C71CCC62DBDDDD3006FB320 /* Release */,
			);
			defaultConfigurationIsVisible = 0;
			defaultConfigurationName = Release;
		};
		8C75F5872E8D5AC4008FB893 /* Build configuration list for PBXNativeTarget "sfIconGen-CLI Tests" */ = {
			isa = XCConfigurationList;
			buildConfigurations = (
				8C75F5882E8D5AC4008FB893 /* Debug */,
				8C75F5892E8D5AC4008FB893 /* Release */,
			);
			defaultConfigurationIsVisible = 0;
			defaultConfigurationName = Release;
		};
/* End XCConfigurationList section */

/* Begin XCRemoteSwiftPackageReference section */
		8C27BE2A2F95085F00C00DCA /* XCRemoteSwiftPackageReference "swift-snapshot-testing" */ = {
			isa = XCRemoteSwiftPackageReference;
			repositoryURL = "https://github.com/pointfreeco/swift-snapshot-testing";
			requirement = {
				kind = upToNextMajorVersion;
				minimumVersion = 1.17.0;
			};
		};
		8C3148B82E61E0C000C7A0A9 /* XCRemoteSwiftPackageReference "swift-argument-parser" */ = {
			isa = XCRemoteSwiftPackageReference;
			repositoryURL = "https://github.com/apple/swift-argument-parser.git";
			requirement = {
				kind = upToNextMajorVersion;
				minimumVersion = 1.5.0;
			};
		};
/* End XCRemoteSwiftPackageReference section */

/* Begin XCSwiftPackageProductDependency section */
		8C2136052F920062001C769A /* ArgumentParser */ = {
			isa = XCSwiftPackageProductDependency;
			package = 8C3148B82E61E0C000C7A0A9 /* XCRemoteSwiftPackageReference "swift-argument-parser" */;
			productName = ArgumentParser;
		};
		8C27BE2B2F95085F00C00DCA /* SnapshotTesting */ = {
			isa = XCSwiftPackageProductDependency;
			package = 8C27BE2A2F95085F00C00DCA /* XCRemoteSwiftPackageReference "swift-snapshot-testing" */;
			productName = SnapshotTesting;
		};
		8C3148D22E61E3F400C7A0A9 /* ArgumentParser */ = {
			isa = XCSwiftPackageProductDependency;
			package = 8C3148B82E61E0C000C7A0A9 /* XCRemoteSwiftPackageReference "swift-argument-parser" */;
			productName = ArgumentParser;
		};
/* End XCSwiftPackageProductDependency section */
	};
	rootObject = 8C71CC912DBDDDD2006FB320 /* Project object */;
}
