{
  "originHash" : "69a5c9a7500567f4bfe8023d5ef7f67e2313b4d301c4c186f4bb9a1e46de6354",
  "pins" : [
    {
      "identity" : "liquidglasstext",
      "kind" : "remoteSourceControl",
      "location" : "https://github.com/DanielCrompton123/LiquidGlassText",
      "state" : {
        "branch" : "main",
        "revision" : "d5e8f4207a3f7b1b088ae1a14e8a73196d828352"
      }
    },
    {
      "identity" : "swift-argument-parser",
      "kind" : "remoteSourceControl",
      "location" : "https://github.com/apple/swift-argument-parser.git",
      "state" : {
        "revision" : "fd4c3b68a0c04c4c6cda27f0213c3703d50080e8",
        "version" : "1.0.0"
      }
    }
  ],
  "version" : 3
}
