{
  "originHash" : "59ba1edda695b389d6c9ac1809891cd779e4024f505b0ce1a9d5202b6762e38a",
  "pins" : [
    {
      "identity" : "swift-argument-parser",
      "kind" : "remoteSourceControl",
      "location" : "https://github.com/apple/swift-argument-parser.git",
      "state" : {
        "revision" : "fd4c3b68a0c04c4c6cda27f0213c3703d50080e8",
        "version" : "1.0.0"
      }
    }
  ],
  "version" : 3
}
