// !$*UTF8*$!
{
	archiveVersion = 1;
	classes = {
	};
	objectVersion = 77;
	objects = {

/* Begin PBXBuildFile section */
		8C2136062F920062001C769A /* ArgumentParser in Frameworks */ = {isa = PBXBuildFile; productRef = 8C2136052F920062001C769A /* ArgumentParser */; };
		8C2137A12F921790001C769A /* mica-cli in Embed mica-cli */ = {isa = PBXBuildFile; fileRef = 8C3148C92E61E39F00C7A0A9 /* mica-cli */; settings = {ATTRIBUTES = (CodeSignOnCopy, ); }; };
		8C27BE2C2F95085F00C00DCA /* SnapshotTesting in Frameworks */ = {isa = PBXBuildFile; productRef = 8C27BE2B2F95085F00C00DCA /* SnapshotTesting */; };
		8C3148D02E61E3B900C7A0A9 /* SwiftUI.framework in Frameworks */ = {isa = PBXBuildFile; fileRef = 8C3148B42E61E06C00C7A0A9 /* SwiftUI.framework */; };
		8C3148D12E61E3BF00C7A0A9 /* AppKit.framework in Frameworks */ = {isa = PBXBuildFile; fileRef = 8C3148B62E61E07300C7A0A9 /* AppKit.framework */; };
		8C3148D32E61E3F400C7A0A9 /* ArgumentParser in Frameworks */ = {isa = PBXBuildFile; productRef = 8C3148D22E61E3F400C7A0A9 /* ArgumentParser */; };
/* End PBXBuildFile section */

/* Begin PBXContainerItemProxy section */
		8C2136092F920188001C769A /* PBXContainerItemProxy */ = {
			isa = PBXContainerItemProxy;
			containerPortal = 8C71CC912DBDDDD2006FB320 /* Project object */;
			proxyType = 1;
			remoteGlobalIDString = 8C3148C82E61E39F00C7A0A9;
			remoteInfo = "mica-cli";
		};
		8C21379E2F9216F6001C769A /* PBXContainerItemProxy */ = {
			isa = PBXContainerItemProxy;
			containerPortal = 8C71CC912DBDDDD2006FB320 /* Project object */;
			proxyType = 1;
			remoteGlobalIDString = 8C3148C82E61E39F00C7A0A9;
			remoteInfo = "mica-cli";
		};
		8C71CCAB2DBDDDD3006FB320 /* PBXContainerItemProxy */ = {
			isa = PBXContainerItemProxy;
			containerPortal = 8C71CC912DBDDDD2006FB320 /* Project object */;
			proxyType = 1;
			remoteGlobalIDString = 8C71CC982DBDDDD2006FB320;
			remoteInfo = Mica;
		};
		8C71CCB52DBDDDD3006FB320 /* PBXContainerItemProxy */ = {
			isa = PBXContainerItemProxy;
			containerPortal = 8C71CC912DBDDDD2006FB320 /* Project object */;
			proxyType = 1;
			remoteGlobalIDString = 8C71CC982DBDDDD2006FB320;
			remoteInfo = Mica;
		};
		8C75F5852E8D5AC4008FB893 /* PBXContainerItemProxy */ = {
			isa = PBXContainerItemProxy;
			containerPortal = 8C71CC912DBDDDD2006FB320 /* Project object */;
			proxyType = 1;
			remoteGlobalIDString = 8C71CC982DBDDDD2006FB320;
			remoteInfo = Mica;
		};
/* End PBXContainerItemProxy section */

/* Begin PBXCopyFilesBuildPhase section */
		8C2137A02F92173C001C769A /* Embed mica-cli */ = {
			isa = PBXCopyFilesBuildPhase;
			buildActionMask = 2147483647;
			dstPath = "";
			dstSubfolderSpec = 6;
			files = (
				8C2137A12F921790001C769A /* mica-cli in Embed mica-cli */,
			);
			name = "Embed mica-cli";
			runOnlyForDeploymentPostprocessing = 0;
		};
		8C3148C72E61E39F00C7A0A9 /* CopyFiles */ = {
			isa = PBXCopyFilesBuildPhase;
			buildActionMask = 2147483647;
			dstPath = /usr/share/man/man1/;
			dstSubfolderSpec = 0;
			files = (
			);
			runOnlyForDeploymentPostprocessing = 1;
		};
/* End PBXCopyFilesBuildPhase section */

/* Begin PBXFileReference section */
		8C27BE312F95153C00C00DCA /* Default.xctestplan */ = {isa = PBXFileReference; lastKnownFileType = text; path = Default.xctestplan; sourceTree = "<group>"; };
		8C27BE322F95155700C00DCA /* Full.xctestplan */ = {isa = PBXFileReference; lastKnownFileType = text; path = Full.xctestplan; sourceTree = "<group>"; };
		8C3148B42E61E06C00C7A0A9 /* SwiftUI.framework */ = {isa = PBXFileReference; lastKnownFileType = wrapper.framework; name = SwiftUI.framework; path = System/Library/Frameworks/SwiftUI.framework; sourceTree = SDKROOT; };
		8C3148B62E61E07300C7A0A9 /* AppKit.framework */ = {isa = PBXFileReference; lastKnownFileType = wrapper.framework; name = AppKit.framework; path = System/Library/Frameworks/AppKit.framework; sourceTree = SDKROOT; };
		8C3148C92E61E39F00C7A0A9 /* mica-cli */ = {isa = PBXFileReference; explicitFileType = "compiled.mach-o.executable"; includeInIndex = 0; path = "mica-cli"; sourceTree = BUILT_PRODUCTS_DIR; };
		8C71CC992DBDDDD2006FB320 /* Mica.app */ = {isa = PBXFileReference; explicitFileType = wrapper.application; includeInIndex = 0; path = Mica.app; sourceTree = BUILT_PRODUCTS_DIR; };
		8C71CCAA2DBDDDD3006FB320 /* MicaTests.xctest */ = {isa = PBXFileReference; explicitFileType = wrapper.cfbundle; includeInIndex = 0; path = MicaTests.xctest; sourceTree = BUILT_PRODUCTS_DIR; };
		8C71CCB42DBDDDD3006FB320 /* MicaUITests.xctest */ = {isa = PBXFileReference; explicitFileType = wrapper.cfbundle; includeInIndex = 0; path = MicaUITests.xctest; sourceTree = BUILT_PRODUCTS_DIR; };
		8C75F5812E8D5AC4008FB893 /* mica-cli Tests.xctest */ = {isa = PBXFileReference; explicitFileType = wrapper.cfbundle; includeInIndex = 0; path = "mica-cli Tests.xctest"; sourceTree = BUILT_PRODUCTS_DIR; };
/* End PBXFileReference section */

/* Begin PBXFileSystemSynchronizedBuildFileExceptionSet section */
		8C4155762FA6F17700B0B2DC /* Exceptions for "Mica" folder in "MicaTests" target */ = {
			isa = PBXFileSystemSynchronizedBuildFileExceptionSet;
			membershipExceptions = (
				Assets.xcassets,
			);
			target = 8C71CCA92DBDDDD3006FB320 /* MicaTests */;
		};
		8C4155772FA6F17700B0B2DC /* Exceptions for "Mica" folder in "MicaUITests" target */ = {
			isa = PBXFileSystemSynchronizedBuildFileExceptionSet;
			membershipExceptions = (
				Assets.xcassets,
			);
			target = 8C71CCB32DBDDDD3006FB320 /* MicaUITests */;
		};
		8C886B372EBDFFFD00753351 /* Exceptions for "Mica" folder in "mica-cli" target */ = {
			isa = PBXFileSystemSynchronizedBuildFileExceptionSet;
			membershipExceptions = (
				Models/AppexColor.swift,
				Models/AppexNamedColor.swift,
				Models/GenerationMode.swift,
				Models/IconSettings.swift,
				Models/ImportedImage.swift,
				Models/MicaAppexColors.swift,
				Models/MicaColor.swift,
				Models/SymbolCalibration.swift,
				Services/AppexColorResolver.swift,
				Services/AppexReferenceService.swift,
				Services/ColorParser.swift,
				Services/ImageImportService.swift,
				Services/PNGExporter.swift,
				Services/Rendering/BadgeGeometry.swift,
				Services/Rendering/BadgeView.swift,
				Services/Rendering/IconContentView.swift,
				Services/Rendering/IconRenderer.swift,
				Services/Rendering/ResolvedShadow.swift,
				Services/SettingsTokens.swift,
				Services/SymbolAutoSizingService.swift,
				Services/SymbolSizingService.swift,
			);
			target = 8C3148C82E61E39F00C7A0A9 /* mica-cli */;
		};
		8CAA00012FA1000000000001 /* Exceptions for "mica-cli" folder in "mica-cli Tests" target */ = {
			isa = PBXFileSystemSynchronizedBuildFileExceptionSet;
			membershipExceptions = (
				CLI/ExtractCommand.swift,
				CLI/GenerateCommand.swift,
				CLI/IconGenerationRunner.swift,
				CLI/Support/CLIOutput.swift,
				"CLI/Support/ExportColorSpace+CLI.swift",
				CLI/Support/IconExtractor.swift,
				CLI/Support/OutputResolver.swift,
				"CLI/Support/SharedTokens+CLI.swift",
			);
			target = 8C75F5802E8D5AC4008FB893 /* mica-cli Tests */;
		};
		8CAA00022FA1000000000002 /* Exceptions for "Mica" folder in "mica-cli Tests" target */ = {
			isa = PBXFileSystemSynchronizedBuildFileExceptionSet;
			membershipExceptions = (
				Models/AppexColor.swift,
				Models/AppexNamedColor.swift,
				Models/GenerationMode.swift,
				Models/IconSettings.swift,
				Models/ImportedImage.swift,
				Models/MicaAppexColors.swift,
				Models/MicaColor.swift,
				Models/SymbolCalibration.swift,
				Services/AppexColorResolver.swift,
				Services/AppexReferenceService.swift,
				Services/ColorParser.swift,
				Services/ImageImportService.swift,
				Services/PNGExporter.swift,
				Services/Rendering/BadgeGeometry.swift,
				Services/Rendering/BadgeView.swift,
				Services/Rendering/IconContentView.swift,
				Services/Rendering/IconRenderer.swift,
				Services/Rendering/ResolvedShadow.swift,
				Services/SettingsTokens.swift,
				Services/SymbolAutoSizingService.swift,
				Services/SymbolSizingService.swift,
			);
			target = 8C75F5802E8D5AC4008FB893 /* mica-cli Tests */;
		};
/* End PBXFileSystemSynchronizedBuildFileExceptionSet section */

/* Begin PBXFileSystemSynchronizedRootGroup section */
		8C3148CA2E61E39F00C7A0A9 /* mica-cli */ = {
			isa = PBXFileSystemSynchronizedRootGroup;
			exceptions = (
				8CAA00012FA1000000000001 /* Exceptions for "mica-cli" folder in "mica-cli Tests" target */,
			);
			path = "mica-cli";
			sourceTree = "<group>";
		};
		8C71CC9B2DBDDDD2006FB320 /* Mica */ = {
			isa = PBXFileSystemSynchronizedRootGroup;
			exceptions = (
				8C4155762FA6F17700B0B2DC /* Exceptions for "Mica" folder in "MicaTests" target */,
				8C4155772FA6F17700B0B2DC /* Exceptions for "Mica" folder in "MicaUITests" target */,
				8C886B372EBDFFFD00753351 /* Exceptions for "Mica" folder in "mica-cli" target */,
				8CAA00022FA1000000000002 /* Exceptions for "Mica" folder in "mica-cli Tests" target */,
			);
			path = Mica;
			sourceTree = "<group>";
		};
		8C71CCAD2DBDDDD3006FB320 /* MicaTests */ = {
			isa = PBXFileSystemSynchronizedRootGroup;
			path = MicaTests;
			sourceTree = "<group>";
		};
		8C71CCB72DBDDDD3006FB320 /* MicaUITests */ = {
			isa = PBXFileSystemSynchronizedRootGroup;
			path = MicaUITests;
			sourceTree = "<group>";
		};
		8C75F5822E8D5AC4008FB893 /* mica-cli Tests */ = {
			isa = PBXFileSystemSynchronizedRootGroup;
			path = "mica-cli Tests";
			sourceTree = "<group>";
		};
/* End PBXFileSystemSynchronizedRootGroup section */

/* Begin PBXFrameworksBuildPhase section */
		8C3148C62E61E39F00C7A0A9 /* Frameworks */ = {
			isa = PBXFrameworksBuildPhase;
			buildActionMask = 2147483647;
			files = (
				8C3148D32E61E3F400C7A0A9 /* ArgumentParser in Frameworks */,
				8C3148D12E61E3BF00C7A0A9 /* AppKit.framework in Frameworks */,
				8C3148D02E61E3B900C7A0A9 /* SwiftUI.framework in Frameworks */,
			);
			runOnlyForDeploymentPostprocessing = 0;
		};
		8C71CC962DBDDDD2006FB320 /* Frameworks */ = {
			isa = PBXFrameworksBuildPhase;
			buildActionMask = 2147483647;
			files = (
			);
			runOnlyForDeploymentPostprocessing = 0;
		};
		8C71CCA72DBDDDD3006FB320 /* Frameworks */ = {
			isa = PBXFrameworksBuildPhase;
			buildActionMask = 2147483647;
			files = (
				8C27BE2C2F95085F00C00DCA /* SnapshotTesting in Frameworks */,
			);
			runOnlyForDeploymentPostprocessing = 0;
		};
		8C71CCB12DBDDDD3006FB320 /* Frameworks */ = {
			isa = PBXFrameworksBuildPhase;
			buildActionMask = 2147483647;
			files = (
			);
			runOnlyForDeploymentPostprocessing = 0;
		};
		8C75F57E2E8D5AC4008FB893 /* Frameworks */ = {
			isa = PBXFrameworksBuildPhase;
			buildActionMask = 2147483647;
			files = (
				8C2136062F920062001C769A /* ArgumentParser in Frameworks */,
			);
			runOnlyForDeploymentPostprocessing = 0;
		};
/* End PBXFrameworksBuildPhase section */

/* Begin PBXGroup section */
		8C3148B32E61E06C00C7A0A9 /* Frameworks */ = {
			isa = PBXGroup;
			children = (
				8C3148B62E61E07300C7A0A9 /* AppKit.framework */,
				8C3148B42E61E06C00C7A0A9 /* SwiftUI.framework */,
			);
			name = Frameworks;
			sourceTree = "<group>";
		};
		8C71CC902DBDDDD2006FB320 = {
			isa = PBXGroup;
			children = (
				8C27BE312F95153C00C00DCA /* Default.xctestplan */,
				8C3148B32E61E06C00C7A0A9 /* Frameworks */,
				8C27BE322F95155700C00DCA /* Full.xctestplan */,
				8C71CC9B2DBDDDD2006FB320 /* Mica */,
				8C71CCAD2DBDDDD3006FB320 /* MicaTests */,
				8C71CCB72DBDDDD3006FB320 /* MicaUITests */,
				8C71CC9A2DBDDDD2006FB320 /* Products */,
				8C3148CA2E61E39F00C7A0A9 /* mica-cli */,
				8C75F5822E8D5AC4008FB893 /* mica-cli Tests */,
			);
			sourceTree = "<group>";
		};
		8C71CC9A2DBDDDD2006FB320 /* Products */ = {
			isa = PBXGroup;
			children = (
				8C71CC992DBDDDD2006FB320 /* Mica.app */,
				8C71CCAA2DBDDDD3006FB320 /* MicaTests.xctest */,
				8C71CCB42DBDDDD3006FB320 /* MicaUITests.xctest */,
				8C3148C92E61E39F00C7A0A9 /* mica-cli */,
				8C75F5812E8D5AC4008FB893 /* mica-cli Tests.xctest */,
			);
			name = Products;
			sourceTree = "<group>";
		};
/* End PBXGroup section */

/* Begin PBXNativeTarget section */
		8C3148C82E61E39F00C7A0A9 /* mica-cli */ = {
			isa = PBXNativeTarget;
			buildConfigurationList = 8C3148CD2E61E39F00C7A0A9 /* Build configuration list for PBXNativeTarget "mica-cli" */;
			buildPhases = (
				8C3148C52E61E39F00C7A0A9 /* Sources */,
				8C3148C62E61E39F00C7A0A9 /* Frameworks */,
				8C3148C72E61E39F00C7A0A9 /* CopyFiles */,
			);
			buildRules = (
			);
			dependencies = (
			);
			fileSystemSynchronizedGroups = (
				8C3148CA2E61E39F00C7A0A9 /* mica-cli */,
			);
			name = "mica-cli";
			packageProductDependencies = (
				8C3148D22E61E3F400C7A0A9 /* ArgumentParser */,
			);
			productName = "mica-cli";
			productReference = 8C3148C92E61E39F00C7A0A9 /* mica-cli */;
			productType = "com.apple.product-type.tool";
		};
		8C71CC982DBDDDD2006FB320 /* Mica */ = {
			isa = PBXNativeTarget;
			buildConfigurationList = 8C71CCBE2DBDDDD3006FB320 /* Build configuration list for PBXNativeTarget "Mica" */;
			buildPhases = (
				8C71CC952DBDDDD2006FB320 /* Sources */,
				8C71CC962DBDDDD2006FB320 /* Frameworks */,
				8C71CC972DBDDDD2006FB320 /* Resources */,
				8C2137A02F92173C001C769A /* Embed mica-cli */,
			);
			buildRules = (
			);
			dependencies = (
				8C21379F2F9216F6001C769A /* PBXTargetDependency */,
			);
			fileSystemSynchronizedGroups = (
				8C71CC9B2DBDDDD2006FB320 /* Mica */,
			);
			name = Mica;
			packageProductDependencies = (
			);
			productName = Mica;
			productReference = 8C71CC992DBDDDD2006FB320 /* Mica.app */;
			productType = "com.apple.product-type.application";
		};
		8C71CCA92DBDDDD3006FB320 /* MicaTests */ = {
			isa = PBXNativeTarget;
			buildConfigurationList = 8C71CCC12DBDDDD3006FB320 /* Build configuration list for PBXNativeTarget "MicaTests" */;
			buildPhases = (
				8C71CCA62DBDDDD3006FB320 /* Sources */,
				8C71CCA72DBDDDD3006FB320 /* Frameworks */,
				8C71CCA82DBDDDD3006FB320 /* Resources */,
			);
			buildRules = (
			);
			dependencies = (
				8C71CCAC2DBDDDD3006FB320 /* PBXTargetDependency */,
			);
			fileSystemSynchronizedGroups = (
				8C71CCAD2DBDDDD3006FB320 /* MicaTests */,
			);
			name = MicaTests;
			packageProductDependencies = (
				8C27BE2B2F95085F00C00DCA /* SnapshotTesting */,
			);
			productName = MicaTests;
			productReference = 8C71CCAA2DBDDDD3006FB320 /* MicaTests.xctest */;
			productType = "com.apple.product-type.bundle.unit-test";
		};
		8C71CCB32DBDDDD3006FB320 /* MicaUITests */ = {
			isa = PBXNativeTarget;
			buildConfigurationList = 8C71CCC42DBDDDD3006FB320 /* Build configuration list for PBXNativeTarget "MicaUITests" */;
			buildPhases = (
				8C71CCB02DBDDDD3006FB320 /* Sources */,
				8C71CCB12DBDDDD3006FB320 /* Frameworks */,
				8C71CCB22DBDDDD3006FB320 /* Resources */,
			);
			buildRules = (
			);
			dependencies = (
				8C71CCB62DBDDDD3006FB320 /* PBXTargetDependency */,
			);
			fileSystemSynchronizedGroups = (
				8C71CCB72DBDDDD3006FB320 /* MicaUITests */,
			);
			name = MicaUITests;
			packageProductDependencies = (
			);
			productName = MicaUITests;
			productReference = 8C71CCB42DBDDDD3006FB320 /* MicaUITests.xctest */;
			productType = "com.apple.product-type.bundle.ui-testing";
		};
		8C75F5802E8D5AC4008FB893 /* mica-cli Tests */ = {
			isa = PBXNativeTarget;
			buildConfigurationList = 8C75F5872E8D5AC4008FB893 /* Build configuration list for PBXNativeTarget "mica-cli Tests" */;
			buildPhases = (
				8C75F57D2E8D5AC4008FB893 /* Sources */,
				8C75F57E2E8D5AC4008FB893 /* Frameworks */,
				8C75F57F2E8D5AC4008FB893 /* Resources */,
			);
			buildRules = (
			);
			dependencies = (
				8C21360A2F920188001C769A /* PBXTargetDependency */,
				8C75F5862E8D5AC4008FB893 /* PBXTargetDependency */,
			);
			fileSystemSynchronizedGroups = (
				8C75F5822E8D5AC4008FB893 /* mica-cli Tests */,
			);
			name = "mica-cli Tests";
			packageProductDependencies = (
				8C2136052F920062001C769A /* ArgumentParser */,
			);
			productName = "mica-cli Tests";
			productReference = 8C75F5812E8D5AC4008FB893 /* mica-cli Tests.xctest */;
			productType = "com.apple.product-type.bundle.unit-test";
		};
/* End PBXNativeTarget section */

/* Begin PBXProject section */
		8C71CC912DBDDDD2006FB320 /* Project object */ = {
			isa = PBXProject;
			attributes = {
				BuildIndependentTargetsInParallel = 1;
				LastSwiftUpdateCheck = 2600;
				LastUpgradeCheck = 2700;
				TargetAttributes = {
					8C3148C82E61E39F00C7A0A9 = {
						CreatedOnToolsVersion = 26.0;
						LastSwiftMigration = 2600;
					};
					8C71CC982DBDDDD2006FB320 = {
						CreatedOnToolsVersion = 16.2;
					};
					8C71CCA92DBDDDD3006FB320 = {
						CreatedOnToolsVersion = 16.2;
						TestTargetID = 8C71CC982DBDDDD2006FB320;
					};
					8C71CCB32DBDDDD3006FB320 = {
						CreatedOnToolsVersion = 16.2;
						TestTargetID = 8C71CC982DBDDDD2006FB320;
					};
					8C75F5802E8D5AC4008FB893 = {
						CreatedOnToolsVersion = 26.0.1;
						TestTargetID = 8C71CC982DBDDDD2006FB320;
					};
				};
			};
			buildConfigurationList = 8C71CC942DBDDDD2006FB320 /* Build configuration list for PBXProject "Mica" */;
			developmentRegion = en;
			hasScannedForEncodings = 0;
			knownRegions = (
				en,
				Base,
			);
			mainGroup = 8C71CC902DBDDDD2006FB320;
			minimizedProjectReferenceProxies = 1;
			packageReferences = (
				8C3148B82E61E0C000C7A0A9 /* XCRemoteSwiftPackageReference "swift-argument-parser" */,
				8C27BE2A2F95085F00C00DCA /* XCRemoteSwiftPackageReference "swift-snapshot-testing" */,
			);
			preferredProjectObjectVersion = 77;
			productRefGroup = 8C71CC9A2DBDDDD2006FB320 /* Products */;
			projectDirPath = "";
			projectRoot = "";
			targets = (
				8C71CC982DBDDDD2006FB320 /* Mica */,
				8C71CCA92DBDDDD3006FB320 /* MicaTests */,
				8C71CCB32DBDDDD3006FB320 /* MicaUITests */,
				8C3148C82E61E39F00C7A0A9 /* mica-cli */,
				8C75F5802E8D5AC4008FB893 /* mica-cli Tests */,
			);
		};
/* End PBXProject section */

/* Begin PBXResourcesBuildPhase section */
		8C71CC972DBDDDD2006FB320 /* Resources */ = {
			isa = PBXResourcesBuildPhase;
			buildActionMask = 2147483647;
			files = (
			);
			runOnlyForDeploymentPostprocessing = 0;
		};
		8C71CCA82DBDDDD3006FB320 /* Resources */ = {
			isa = PBXResourcesBuildPhase;
			buildActionMask = 2147483647;
			files = (
			);
			runOnlyForDeploymentPostprocessing = 0;
		};
		8C71CCB22DBDDDD3006FB320 /* Resources */ = {
			isa = PBXResourcesBuildPhase;
			buildActionMask = 2147483647;
			files = (
			);
			runOnlyForDeploymentPostprocessing = 0;
		};
		8C75F57F2E8D5AC4008FB893 /* Resources */ = {
			isa = PBXResourcesBuildPhase;
			buildActionMask = 2147483647;
			files = (
			);
			runOnlyForDeploymentPostprocessing = 0;
		};
/* End PBXResourcesBuildPhase section */

/* Begin PBXSourcesBuildPhase section */
		8C3148C52E61E39F00C7A0A9 /* Sources */ = {
			isa = PBXSourcesBuildPhase;
			buildActionMask = 2147483647;
			files = (
			);
			runOnlyForDeploymentPostprocessing = 0;
		};
		8C71CC952DBDDDD2006FB320 /* Sources */ = {
			isa = PBXSourcesBuildPhase;
			buildActionMask = 2147483647;
			files = (
			);
			runOnlyForDeploymentPostprocessing = 0;
		};
		8C71CCA62DBDDDD3006FB320 /* Sources */ = {
			isa = PBXSourcesBuildPhase;
			buildActionMask = 2147483647;
			files = (
			);
			runOnlyForDeploymentPostprocessing = 0;
		};
		8C71CCB02DBDDDD3006FB320 /* Sources */ = {
			isa = PBXSourcesBuildPhase;
			buildActionMask = 2147483647;
			files = (
			);
			runOnlyForDeploymentPostprocessing = 0;
		};
		8C75F57D2E8D5AC4008FB893 /* Sources */ = {
			isa = PBXSourcesBuildPhase;
			buildActionMask = 2147483647;
			files = (
			);
			runOnlyForDeploymentPostprocessing = 0;
		};
/* End PBXSourcesBuildPhase section */

/* Begin PBXTargetDependency section */
		8C21360A2F920188001C769A /* PBXTargetDependency */ = {
			isa = PBXTargetDependency;
			target = 8C3148C82E61E39F00C7A0A9 /* mica-cli */;
			targetProxy = 8C2136092F920188001C769A /* PBXContainerItemProxy */;
		};
		8C21379F2F9216F6001C769A /* PBXTargetDependency */ = {
			isa = PBXTargetDependency;
			target = 8C3148C82E61E39F00C7A0A9 /* mica-cli */;
			targetProxy = 8C21379E2F9216F6001C769A /* PBXContainerItemProxy */;
		};
		8C71CCAC2DBDDDD3006FB320 /* PBXTargetDependency */ = {
			isa = PBXTargetDependency;
			target = 8C71CC982DBDDDD2006FB320 /* Mica */;
			targetProxy = 8C71CCAB2DBDDDD3006FB320 /* PBXContainerItemProxy */;
		};
		8C71CCB62DBDDDD3006FB320 /* PBXTargetDependency */ = {
			isa = PBXTargetDependency;
			target = 8C71CC982DBDDDD2006FB320 /* Mica */;
			targetProxy = 8C71CCB52DBDDDD3006FB320 /* PBXContainerItemProxy */;
		};
		8C75F5862E8D5AC4008FB893 /* PBXTargetDependency */ = {
			isa = PBXTargetDependency;
			target = 8C71CC982DBDDDD2006FB320 /* Mica */;
			targetProxy = 8C75F5852E8D5AC4008FB893 /* PBXContainerItemProxy */;
		};
/* End PBXTargetDependency section */

/* Begin XCBuildConfiguration section */
		8C3148CE2E61E39F00C7A0A9 /* Debug */ = {
			isa = XCBuildConfiguration;
			buildSettings = {
				CLANG_ENABLE_MODULES = YES;
				"CODE_SIGN_IDENTITY[sdk=macosx*]" = "Developer ID Application";
				CODE_SIGN_STYLE = Manual;
				DEAD_CODE_STRIPPING = YES;
				DEVELOPMENT_TEAM = "";
				"DEVELOPMENT_TEAM[sdk=macosx*]" = SFUTCBA5VH;
				ENABLE_HARDENED_RUNTIME = YES;
				MACOSX_DEPLOYMENT_TARGET = 15.0;
				PRODUCT_BUNDLE_IDENTIFIER = "com.lukecharters.mica-cli";
				PRODUCT_NAME = "$(TARGET_NAME)";
				PROVISIONING_PROFILE_SPECIFIER = "";
				SKIP_INSTALL = YES;
				SWIFT_APPROACHABLE_CONCURRENCY = YES;
				SWIFT_OPTIMIZATION_LEVEL = "-Onone";
				SWIFT_UPCOMING_FEATURE_MEMBER_IMPORT_VISIBILITY = YES;
				SWIFT_VERSION = 6.0;
			};
			name = Debug;
		};
		8C3148CF2E61E39F00C7A0A9 /* Release */ = {
			isa = XCBuildConfiguration;
			buildSettings = {
				CLANG_ENABLE_MODULES = YES;
				"CODE_SIGN_IDENTITY[sdk=macosx*]" = "Developer ID Application";
				CODE_SIGN_STYLE = Manual;
				DEAD_CODE_STRIPPING = YES;
				DEVELOPMENT_TEAM = "";
				"DEVELOPMENT_TEAM[sdk=macosx*]" = SFUTCBA5VH;
				ENABLE_HARDENED_RUNTIME = YES;
				MACOSX_DEPLOYMENT_TARGET = 15.0;
				PRODUCT_BUNDLE_IDENTIFIER = "com.lukecharters.mica-cli";
				PRODUCT_NAME = "$(TARGET_NAME)";
				PROVISIONING_PROFILE_SPECIFIER = "";
				SKIP_INSTALL = YES;
				SWIFT_APPROACHABLE_CONCURRENCY = YES;
				SWIFT_UPCOMING_FEATURE_MEMBER_IMPORT_VISIBILITY = YES;
				SWIFT_VERSION = 6.0;
			};
			name = Release;
		};
		8C71CCBC2DBDDDD3006FB320 /* Debug */ = {
			isa = XCBuildConfiguration;
			buildSettings = {
				ALWAYS_SEARCH_USER_PATHS = NO;
				ASSETCATALOG_COMPILER_GENERATE_SWIFT_ASSET_SYMBOL_EXTENSIONS = YES;
				CLANG_ANALYZER_NONNULL = YES;
				CLANG_ANALYZER_NUMBER_OBJECT_CONVERSION = YES_AGGRESSIVE;
				CLANG_CXX_LANGUAGE_STANDARD = "gnu++20";
				CLANG_ENABLE_MODULES = YES;
				CLANG_ENABLE_OBJC_ARC = YES;
				CLANG_ENABLE_OBJC_WEAK = YES;
				CLANG_WARN_BLOCK_CAPTURE_AUTORELEASING = YES;
				CLANG_WARN_BOOL_CONVERSION = YES;
				CLANG_WARN_COMMA = YES;
				CLANG_WARN_CONSTANT_CONVERSION = YES;
				CLANG_WARN_DEPRECATED_OBJC_IMPLEMENTATIONS = YES;
				CLANG_WARN_DIRECT_OBJC_ISA_USAGE = YES_ERROR;
				CLANG_WARN_DOCUMENTATION_COMMENTS = YES;
				CLANG_WARN_EMPTY_BODY = YES;
				CLANG_WARN_ENUM_CONVERSION = YES;
				CLANG_WARN_INFINITE_RECURSION = YES;
				CLANG_WARN_INT_CONVERSION = YES;
				CLANG_WARN_NON_LITERAL_NULL_CONVERSION = YES;
				CLANG_WARN_OBJC_IMPLICIT_RETAIN_SELF = YES;
				CLANG_WARN_OBJC_LITERAL_CONVERSION = YES;
				CLANG_WARN_OBJC_ROOT_CLASS = YES_ERROR;
				CLANG_WARN_QUOTED_INCLUDE_IN_FRAMEWORK_HEADER = YES;
				CLANG_WARN_RANGE_LOOP_ANALYSIS = YES;
				CLANG_WARN_STRICT_PROTOTYPES = YES;
				CLANG_WARN_SUSPICIOUS_MOVE = YES;
				CLANG_WARN_UNGUARDED_AVAILABILITY = YES_AGGRESSIVE;
				CLANG_WARN_UNREACHABLE_CODE = YES;
				CLANG_WARN__DUPLICATE_METHOD_MATCH = YES;
				COPY_PHASE_STRIP = NO;
				DEAD_CODE_STRIPPING = YES;
				DEBUG_INFORMATION_FORMAT = dwarf;
				DEVELOPMENT_TEAM = SFUTCBA5VH;
				ENABLE_STRICT_OBJC_MSGSEND = YES;
				ENABLE_TESTABILITY = YES;
				ENABLE_USER_SCRIPT_SANDBOXING = YES;
				GCC_C_LANGUAGE_STANDARD = gnu17;
				GCC_DYNAMIC_NO_PIC = NO;
				GCC_NO_COMMON_BLOCKS = YES;
				GCC_OPTIMIZATION_LEVEL = 0;
				GCC_PREPROCESSOR_DEFINITIONS = (
					"DEBUG=1",
					"$(inherited)",
				);
				GCC_WARN_64_TO_32_BIT_CONVERSION = YES;
				GCC_WARN_ABOUT_RETURN_TYPE = YES_ERROR;
				GCC_WARN_UNDECLARED_SELECTOR = YES;
				GCC_WARN_UNINITIALIZED_AUTOS = YES_AGGRESSIVE;
				GCC_WARN_UNUSED_FUNCTION = YES;
				GCC_WARN_UNUSED_VARIABLE = YES;
				LOCALIZATION_PREFERS_STRING_CATALOGS = YES;
				MACOSX_DEPLOYMENT_TARGET = 15.2;
				MTL_ENABLE_DEBUG_INFO = INCLUDE_SOURCE;
				MTL_FAST_MATH = YES;
				ONLY_ACTIVE_ARCH = YES;
				SDKROOT = macosx;
				STRING_CATALOG_GENERATE_SYMBOLS = YES;
				SWIFT_ACTIVE_COMPILATION_CONDITIONS = "DEBUG $(inherited)";
				SWIFT_OPTIMIZATION_LEVEL = "-Onone";
				SWIFT_VERSION = "";
			};
			name = Debug;
		};
		8C71CCBD2DBDDDD3006FB320 /* Release */ = {
			isa = XCBuildConfiguration;
			buildSettings = {
				ALWAYS_SEARCH_USER_PATHS = NO;
				ASSETCATALOG_COMPILER_GENERATE_SWIFT_ASSET_SYMBOL_EXTENSIONS = YES;
				CLANG_ANALYZER_NONNULL = YES;
				CLANG_ANALYZER_NUMBER_OBJECT_CONVERSION = YES_AGGRESSIVE;
				CLANG_CXX_LANGUAGE_STANDARD = "gnu++20";
				CLANG_ENABLE_MODULES = YES;
				CLANG_ENABLE_OBJC_ARC = YES;
				CLANG_ENABLE_OBJC_WEAK = YES;
				CLANG_WARN_BLOCK_CAPTURE_AUTORELEASING = YES;
				CLANG_WARN_BOOL_CONVERSION = YES;
				CLANG_WARN_COMMA = YES;
				CLANG_WARN_CONSTANT_CONVERSION = YES;
				CLANG_WARN_DEPRECATED_OBJC_IMPLEMENTATIONS = YES;
				CLANG_WARN_DIRECT_OBJC_ISA_USAGE = YES_ERROR;
				CLANG_WARN_DOCUMENTATION_COMMENTS = YES;
				CLANG_WARN_EMPTY_BODY = YES;
				CLANG_WARN_ENUM_CONVERSION = YES;
				CLANG_WARN_INFINITE_RECURSION = YES;
				CLANG_WARN_INT_CONVERSION = YES;
				CLANG_WARN_NON_LITERAL_NULL_CONVERSION = YES;
				CLANG_WARN_OBJC_IMPLICIT_RETAIN_SELF = YES;
				CLANG_WARN_OBJC_LITERAL_CONVERSION = YES;
				CLANG_WARN_OBJC_ROOT_CLASS = YES_ERROR;
				CLANG_WARN_QUOTED_INCLUDE_IN_FRAMEWORK_HEADER = YES;
				CLANG_WARN_RANGE_LOOP_ANALYSIS = YES;
				CLANG_WARN_STRICT_PROTOTYPES = YES;
				CLANG_WARN_SUSPICIOUS_MOVE = YES;
				CLANG_WARN_UNGUARDED_AVAILABILITY = YES_AGGRESSIVE;
				CLANG_WARN_UNREACHABLE_CODE = YES;
				CLANG_WARN__DUPLICATE_METHOD_MATCH = YES;
				COPY_PHASE_STRIP = NO;
				DEAD_CODE_STRIPPING = YES;
				DEBUG_INFORMATION_FORMAT = "dwarf-with-dsym";
				DEVELOPMENT_TEAM = SFUTCBA5VH;
				ENABLE_NS_ASSERTIONS = NO;
				ENABLE_STRICT_OBJC_MSGSEND = YES;
				ENABLE_USER_SCRIPT_SANDBOXING = YES;
				GCC_C_LANGUAGE_STANDARD = gnu17;
				GCC_NO_COMMON_BLOCKS = YES;
				GCC_WARN_64_TO_32_BIT_CONVERSION = YES;
				GCC_WARN_ABOUT_RETURN_TYPE = YES_ERROR;
				GCC_WARN_UNDECLARED_SELECTOR = YES;
				GCC_WARN_UNINITIALIZED_AUTOS = YES_AGGRESSIVE;
				GCC_WARN_UNUSED_FUNCTION = YES;
				GCC_WARN_UNUSED_VARIABLE = YES;
				LOCALIZATION_PREFERS_STRING_CATALOGS = YES;
				MACOSX_DEPLOYMENT_TARGET = 15.2;
				MTL_ENABLE_DEBUG_INFO = NO;
				MTL_FAST_MATH = YES;
				SDKROOT = macosx;
				STRING_CATALOG_GENERATE_SYMBOLS = YES;
				SWIFT_COMPILATION_MODE = wholemodule;
				SWIFT_VERSION = "";
			};
			name = Release;
		};
		8C71CCBF2DBDDDD3006FB320 /* Debug */ = {
			isa = XCBuildConfiguration;
			buildSettings = {
				ASSETCATALOG_COMPILER_APPICON_NAME = AppIcon;
				ASSETCATALOG_COMPILER_GLOBAL_ACCENT_COLOR_NAME = AccentColor;
				ASSETCATALOG_COMPILER_INCLUDE_ALL_APPICON_ASSETS = NO;
				CODE_SIGN_ENTITLEMENTS = Mica/Mica.entitlements;
				CODE_SIGN_IDENTITY = "Apple Development";
				"CODE_SIGN_IDENTITY[sdk=macosx*]" = "Developer ID Application";
				CODE_SIGN_STYLE = Manual;
				COMBINE_HIDPI_IMAGES = YES;
				CURRENT_PROJECT_VERSION = 1;
				DEAD_CODE_STRIPPING = YES;
				DEVELOPMENT_ASSET_PATHS = "\"Mica/Preview Content\"";
				DEVELOPMENT_TEAM = "";
				"DEVELOPMENT_TEAM[sdk=macosx*]" = SFUTCBA5VH;
				ENABLE_APP_SANDBOX = YES;
				ENABLE_FILE_ACCESS_DOWNLOADS_FOLDER = readwrite;
				ENABLE_HARDENED_RUNTIME = YES;
				ENABLE_PREVIEWS = YES;
				ENABLE_USER_SELECTED_FILES = readwrite;
				EXCLUDED_SOURCE_FILE_NAMES = "";
				GENERATE_INFOPLIST_FILE = YES;
				INFOPLIST_FILE = "Mica-Info.plist";
				INFOPLIST_KEY_CFBundleDisplayName = Mica;
				INFOPLIST_KEY_LSApplicationCategoryType = "public.app-category.developer-tools";
				INFOPLIST_KEY_NSHumanReadableCopyright = "";
				LD_RUNPATH_SEARCH_PATHS = (
					"$(inherited)",
					"@executable_path/../Frameworks",
				);
				MACOSX_DEPLOYMENT_TARGET = 15.0;
				MARKETING_VERSION = 0.1;
				PRODUCT_BUNDLE_IDENTIFIER = com.lukecharters.mica;
				PRODUCT_NAME = "$(TARGET_NAME)";
				PROVISIONING_PROFILE_SPECIFIER = "";
				SWIFT_EMIT_LOC_STRINGS = YES;
				SWIFT_VERSION = 6.0;
			};
			name = Debug;
		};
		8C71CCC02DBDDDD3006FB320 /* Release */ = {
			isa = XCBuildConfiguration;
			buildSettings = {
				ASSETCATALOG_COMPILER_APPICON_NAME = AppIcon;
				ASSETCATALOG_COMPILER_GLOBAL_ACCENT_COLOR_NAME = AccentColor;
				ASSETCATALOG_COMPILER_INCLUDE_ALL_APPICON_ASSETS = NO;
				CODE_SIGN_ENTITLEMENTS = Mica/Mica.entitlements;
				CODE_SIGN_IDENTITY = "Apple Development";
				"CODE_SIGN_IDENTITY[sdk=macosx*]" = "Developer ID Application";
				CODE_SIGN_STYLE = Manual;
				COMBINE_HIDPI_IMAGES = YES;
				CURRENT_PROJECT_VERSION = 1;
				DEAD_CODE_STRIPPING = YES;
				DEVELOPMENT_ASSET_PATHS = "\"Mica/Preview Content\"";
				DEVELOPMENT_TEAM = "";
				"DEVELOPMENT_TEAM[sdk=macosx*]" = SFUTCBA5VH;
				ENABLE_APP_SANDBOX = YES;
				ENABLE_FILE_ACCESS_DOWNLOADS_FOLDER = readwrite;
				ENABLE_HARDENED_RUNTIME = YES;
				ENABLE_PREVIEWS = YES;
				ENABLE_USER_SELECTED_FILES = readwrite;
				EXCLUDED_SOURCE_FILE_NAMES = (
					"DevTools/*",
					Resources/symbol_metrics.json,
					Resources/symbol_baselines.json,
				);
				GENERATE_INFOPLIST_FILE = YES;
				INFOPLIST_FILE = "Mica-Info.plist";
				INFOPLIST_KEY_CFBundleDisplayName = Mica;
				INFOPLIST_KEY_LSApplicationCategoryType = "public.app-category.developer-tools";
				INFOPLIST_KEY_NSHumanReadableCopyright = "";
				LD_RUNPATH_SEARCH_PATHS = (
					"$(inherited)",
					"@executable_path/../Frameworks",
				);
				MACOSX_DEPLOYMENT_TARGET = 15.0;
				MARKETING_VERSION = 0.1;
				PRODUCT_BUNDLE_IDENTIFIER = com.lukecharters.mica;
				PRODUCT_NAME = "$(TARGET_NAME)";
				PROVISIONING_PROFILE_SPECIFIER = "";
				SWIFT_EMIT_LOC_STRINGS = YES;
				SWIFT_VERSION = 6.0;
			};
			name = Release;
		};
		8C71CCC22DBDDDD3006FB320 /* Debug */ = {
			isa = XCBuildConfiguration;
			buildSettings = {
				BUNDLE_LOADER = "$(TEST_HOST)";
				"CODE_SIGN_IDENTITY[sdk=macosx*]" = "Developer ID Application";
				CODE_SIGN_STYLE = Manual;
				CURRENT_PROJECT_VERSION = 1;
				DEAD_CODE_STRIPPING = YES;
				DEVELOPMENT_TEAM = "";
				"DEVELOPMENT_TEAM[sdk=macosx*]" = SFUTCBA5VH;
				GENERATE_INFOPLIST_FILE = YES;
				MACOSX_DEPLOYMENT_TARGET = 15.0;
				MARKETING_VERSION = 1.0;
				PRODUCT_BUNDLE_IDENTIFIER = com.lukecharters.MicaTests;
				PRODUCT_NAME = "$(TARGET_NAME)";
				PROVISIONING_PROFILE_SPECIFIER = "";
				SWIFT_EMIT_LOC_STRINGS = NO;
				SWIFT_VERSION = 6.0;
				TEST_HOST = "$(BUILT_PRODUCTS_DIR)/Mica.app/$(BUNDLE_EXECUTABLE_FOLDER_PATH)/Mica";
			};
			name = Debug;
		};
		8C71CCC32DBDDDD3006FB320 /* Release */ = {
			isa = XCBuildConfiguration;
			buildSettings = {
				BUNDLE_LOADER = "$(TEST_HOST)";
				"CODE_SIGN_IDENTITY[sdk=macosx*]" = "Developer ID Application";
				CODE_SIGN_STYLE = Manual;
				CURRENT_PROJECT_VERSION = 1;
				DEAD_CODE_STRIPPING = YES;
				DEVELOPMENT_TEAM = "";
				"DEVELOPMENT_TEAM[sdk=macosx*]" = SFUTCBA5VH;
				GENERATE_INFOPLIST_FILE = YES;
				MACOSX_DEPLOYMENT_TARGET = 15.0;
				MARKETING_VERSION = 1.0;
				PRODUCT_BUNDLE_IDENTIFIER = com.lukecharters.MicaTests;
				PRODUCT_NAME = "$(TARGET_NAME)";
				PROVISIONING_PROFILE_SPECIFIER = "";
				SWIFT_EMIT_LOC_STRINGS = NO;
				SWIFT_VERSION = 6.0;
				TEST_HOST = "$(BUILT_PRODUCTS_DIR)/Mica.app/$(BUNDLE_EXECUTABLE_FOLDER_PATH)/Mica";
			};
			name = Release;
		};
		8C71CCC52DBDDDD3006FB320 /* Debug */ = {
			isa = XCBuildConfiguration;
			buildSettings = {
				"CODE_SIGN_IDENTITY[sdk=macosx*]" = "Developer ID Application";
				CODE_SIGN_STYLE = Manual;
				CURRENT_PROJECT_VERSION = 1;
				DEAD_CODE_STRIPPING = YES;
				DEVELOPMENT_TEAM = "";
				"DEVELOPMENT_TEAM[sdk=macosx*]" = SFUTCBA5VH;
				GENERATE_INFOPLIST_FILE = YES;
				MACOSX_DEPLOYMENT_TARGET = 15.0;
				MARKETING_VERSION = 1.0;
				PRODUCT_BUNDLE_IDENTIFIER = com.lukecharters.MicaUITests;
				PRODUCT_NAME = "$(TARGET_NAME)";
				PROVISIONING_PROFILE_SPECIFIER = "";
				SWIFT_EMIT_LOC_STRINGS = NO;
				SWIFT_VERSION = 6.0;
				TEST_TARGET_NAME = Mica;
			};
			name = Debug;
		};
		8C71CCC62DBDDDD3006FB320 /* Release */ = {
			isa = XCBuildConfiguration;
			buildSettings = {
				"CODE_SIGN_IDENTITY[sdk=macosx*]" = "Developer ID Application";
				CODE_SIGN_STYLE = Manual;
				CURRENT_PROJECT_VERSION = 1;
				DEAD_CODE_STRIPPING = YES;
				DEVELOPMENT_TEAM = "";
				"DEVELOPMENT_TEAM[sdk=macosx*]" = SFUTCBA5VH;
				GENERATE_INFOPLIST_FILE = YES;
				MACOSX_DEPLOYMENT_TARGET = 15.0;
				MARKETING_VERSION = 1.0;
				PRODUCT_BUNDLE_IDENTIFIER = com.lukecharters.MicaUITests;
				PRODUCT_NAME = "$(TARGET_NAME)";
				PROVISIONING_PROFILE_SPECIFIER = "";
				SWIFT_EMIT_LOC_STRINGS = NO;
				SWIFT_VERSION = 6.0;
				TEST_TARGET_NAME = Mica;
			};
			name = Release;
		};
		8C75F5882E8D5AC4008FB893 /* Debug */ = {
			isa = XCBuildConfiguration;
			buildSettings = {
				"CODE_SIGN_IDENTITY[sdk=macosx*]" = "-";
				CODE_SIGN_STYLE = Manual;
				CURRENT_PROJECT_VERSION = 1;
				DEVELOPMENT_TEAM = "";
				"DEVELOPMENT_TEAM[sdk=macosx*]" = SFUTCBA5VH;
				GENERATE_INFOPLIST_FILE = YES;
				MACOSX_DEPLOYMENT_TARGET = 15.0;
				MARKETING_VERSION = 1.0;
				PRODUCT_BUNDLE_IDENTIFIER = "com.lukecharters.mica-cli-Tests";
				PRODUCT_NAME = "$(TARGET_NAME)";
				PROVISIONING_PROFILE_SPECIFIER = "";
				STRING_CATALOG_GENERATE_SYMBOLS = NO;
				SWIFT_APPROACHABLE_CONCURRENCY = YES;
				SWIFT_EMIT_LOC_STRINGS = NO;
				SWIFT_UPCOMING_FEATURE_MEMBER_IMPORT_VISIBILITY = YES;
				SWIFT_VERSION = 6.0;
			};
			name = Debug;
		};
		8C75F5892E8D5AC4008FB893 /* Release */ = {
			isa = XCBuildConfiguration;
			buildSettings = {
				"CODE_SIGN_IDENTITY[sdk=macosx*]" = "-";
				CODE_SIGN_STYLE = Manual;
				CURRENT_PROJECT_VERSION = 1;
				DEVELOPMENT_TEAM = "";
				"DEVELOPMENT_TEAM[sdk=macosx*]" = SFUTCBA5VH;
				GENERATE_INFOPLIST_FILE = YES;
				MACOSX_DEPLOYMENT_TARGET = 15.0;
				MARKETING_VERSION = 1.0;
				PRODUCT_BUNDLE_IDENTIFIER = "com.lukecharters.mica-cli-Tests";
				PRODUCT_NAME = "$(TARGET_NAME)";
				PROVISIONING_PROFILE_SPECIFIER = "";
				STRING_CATALOG_GENERATE_SYMBOLS = NO;
				SWIFT_APPROACHABLE_CONCURRENCY = YES;
				SWIFT_EMIT_LOC_STRINGS = NO;
				SWIFT_UPCOMING_FEATURE_MEMBER_IMPORT_VISIBILITY = YES;
				SWIFT_VERSION = 6.0;
			};
			name = Release;
		};
/* End XCBuildConfiguration section */

/* Begin XCConfigurationList section */
		8C3148CD2E61E39F00C7A0A9 /* Build configuration list for PBXNativeTarget "mica-cli" */ = {
			isa = XCConfigurationList;
			buildConfigurations = (
				8C3148CE2E61E39F00C7A0A9 /* Debug */,
				8C3148CF2E61E39F00C7A0A9 /* Release */,
			);
			defaultConfigurationIsVisible = 0;
			defaultConfigurationName = Release;
		};
		8C71CC942DBDDDD2006FB320 /* Build configuration list for PBXProject "Mica" */ = {
			isa = XCConfigurationList;
			buildConfigurations = (
				8C71CCBC2DBDDDD3006FB320 /* Debug */,
				8C71CCBD2DBDDDD3006FB320 /* Release */,
			);
			defaultConfigurationIsVisible = 0;
			defaultConfigurationName = Release;
		};
		8C71CCBE2DBDDDD3006FB320 /* Build configuration list for PBXNativeTarget "Mica" */ = {
			isa = XCConfigurationList;
			buildConfigurations = (
				8C71CCBF2DBDDDD3006FB320 /* Debug */,
				8C71CCC02DBDDDD3006FB320 /* Release */,
			);
			defaultConfigurationIsVisible = 0;
			defaultConfigurationName = Release;
		};
		8C71CCC12DBDDDD3006FB320 /* Build configuration list for PBXNativeTarget "MicaTests" */ = {
			isa = XCConfigurationList;
			buildConfigurations = (
				8C71CCC22DBDDDD3006FB320 /* Debug */,
				8C71CCC32DBDDDD3006FB320 /* Release */,
			);
			defaultConfigurationIsVisible = 0;
			defaultConfigurationName = Release;
		};
		8C71CCC42DBDDDD3006FB320 /* Build configuration list for PBXNativeTarget "MicaUITests" */ = {
			isa = XCConfigurationList;
			buildConfigurations = (
				8C71CCC52DBDDDD3006FB320 /* Debug */,
				8C71CCC62DBDDDD3006FB320 /* Release */,
			);
			defaultConfigurationIsVisible = 0;
			defaultConfigurationName = Release;
		};
		8C75F5872E8D5AC4008FB893 /* Build configuration list for PBXNativeTarget "mica-cli Tests" */ = {
			isa = XCConfigurationList;
			buildConfigurations = (
				8C75F5882E8D5AC4008FB893 /* Debug */,
				8C75F5892E8D5AC4008FB893 /* Release */,
			);
			defaultConfigurationIsVisible = 0;
			defaultConfigurationName = Release;
		};
/* End XCConfigurationList section */

/* Begin XCRemoteSwiftPackageReference section */
		8C27BE2A2F95085F00C00DCA /* XCRemoteSwiftPackageReference "swift-snapshot-testing" */ = {
			isa = XCRemoteSwiftPackageReference;
			repositoryURL = "https://github.com/pointfreeco/swift-snapshot-testing";
			requirement = {
				kind = upToNextMajorVersion;
				minimumVersion = 1.17.0;
			};
		};
		8C3148B82E61E0C000C7A0A9 /* XCRemoteSwiftPackageReference "swift-argument-parser" */ = {
			isa = XCRemoteSwiftPackageReference;
			repositoryURL = "https://github.com/apple/swift-argument-parser.git";
			requirement = {
				kind = upToNextMajorVersion;
				minimumVersion = 1.5.0;
			};
		};
/* End XCRemoteSwiftPackageReference section */

/* Begin XCSwiftPackageProductDependency section */
		8C2136052F920062001C769A /* ArgumentParser */ = {
			isa = XCSwiftPackageProductDependency;
			package = 8C3148B82E61E0C000C7A0A9 /* XCRemoteSwiftPackageReference "swift-argument-parser" */;
			productName = ArgumentParser;
		};
		8C27BE2B2F95085F00C00DCA /* SnapshotTesting */ = {
			isa = XCSwiftPackageProductDependency;
			package = 8C27BE2A2F95085F00C00DCA /* XCRemoteSwiftPackageReference "swift-snapshot-testing" */;
			productName = SnapshotTesting;
		};
		8C3148D22E61E3F400C7A0A9 /* ArgumentParser */ = {
			isa = XCSwiftPackageProductDependency;
			package = 8C3148B82E61E0C000C7A0A9 /* XCRemoteSwiftPackageReference "swift-argument-parser" */;
			productName = ArgumentParser;
		};
/* End XCSwiftPackageProductDependency section */
	};
	rootObject = 8C71CC912DBDDDD2006FB320 /* Project object */;
}
